PODS:
  - CurrencyText (2.2.0):
    - CurrencyText/CurrencyFormatter (= 2.2.0)
    - CurrencyText/CurrencyTextField (= 2.2.0)
    - CurrencyText/CurrencyUITextField (= 2.2.0)
  - CurrencyText/CurrencyFormatter (2.2.0)
  - CurrencyText/CurrencyTextField (2.2.0):
    - CurrencyText/CurrencyFormatter
    - CurrencyText/CurrencyUITextField
  - CurrencyText/CurrencyUITextField (2.2.0):
    - CurrencyText/CurrencyFormatter

DEPENDENCIES:
  - CurrencyText (~> 2.2)

SPEC REPOS:
  trunk:
    - CurrencyText

SPEC CHECKSUMS:
  CurrencyText: d6044473043b17e67baeeb35745dc265c026dda0

PODFILE CHECKSUM: 5fa23bae8ad265800afb2d31853b276ad894ecb1

COCOAPODS: 1.11.2
