{
  "pins" : [
    {
      "identity" : "swipecell",
      "kind" : "remoteSourceControl",
      "location" : "https://github.com/EnesKaraosman/SwipeCell",
      "state" : {
        "revision" : "0a0948096124ada6c12c7637a40ef5b3bc346922",
        "version" : "0.1.3"
      }
    }
  ],
  "version" : 2
}
