// !$*UTF8*$!
{
	archiveVersion = 1;
	classes = {
	};
	objectVersion = 56;
	objects = {

/* Begin PBXBuildFile section */
		C598DC30290F885A002CAB92 /* WordScrambleApp.swift in Sources */ = {isa = PBXBuildFile; fileRef = C598DC2F290F885A002CAB92 /* WordScrambleApp.swift */; };
		C598DC32290F885A002CAB92 /* ContentView.swift in Sources */ = {isa = PBXBuildFile; fileRef = C598DC31290F885A002CAB92 /* ContentView.swift */; };
		C598DC34290F885C002CAB92 /* Assets.xcassets in Resources */ = {isa = PBXBuildFile; fileRef = C598DC33290F885C002CAB92 /* Assets.xcassets */; };
		C598DC37290F885C002CAB92 /* Preview Assets.xcassets in Resources */ = {isa = PBXBuildFile; fileRef = C598DC36290F885C002CAB92 /* Preview Assets.xcassets */; };
		C598DC41290F885C002CAB92 /* WordScrambleTests.swift in Sources */ = {isa = PBXBuildFile; fileRef = C598DC40290F885C002CAB92 /* WordScrambleTests.swift */; };
		C598DC4B290F885C002CAB92 /* WordScrambleUITests.swift in Sources */ = {isa = PBXBuildFile; fileRef = C598DC4A290F885C002CAB92 /* WordScrambleUITests.swift */; };
		C598DC4D290F885C002CAB92 /* WordScrambleUITestsLaunchTests.swift in Sources */ = {isa = PBXBuildFile; fileRef = C598DC4C290F885C002CAB92 /* WordScrambleUITestsLaunchTests.swift */; };
		C598DC5A290F8E2F002CAB92 /* start.txt in Resources */ = {isa = PBXBuildFile; fileRef = C598DC59290F8E2F002CAB92 /* start.txt */; };
/* End PBXBuildFile section */

/* Begin PBXContainerItemProxy section */
		C598DC3D290F885C002CAB92 /* PBXContainerItemProxy */ = {
			isa = PBXContainerItemProxy;
			containerPortal = C598DC24290F885A002CAB92 /* Project object */;
			proxyType = 1;
			remoteGlobalIDString = C598DC2B290F885A002CAB92;
			remoteInfo = WordScramble;
		};
		C598DC47290F885C002CAB92 /* PBXContainerItemProxy */ = {
			isa = PBXContainerItemProxy;
			containerPortal = C598DC24290F885A002CAB92 /* Project object */;
			proxyType = 1;
			remoteGlobalIDString = C598DC2B290F885A002CAB92;
			remoteInfo = WordScramble;
		};
/* End PBXContainerItemProxy section */

/* Begin PBXFileReference section */
		C598DC2C290F885A002CAB92 /* WordScramble.app */ = {isa = PBXFileReference; explicitFileType = wrapper.application; includeInIndex = 0; path = WordScramble.app; sourceTree = BUILT_PRODUCTS_DIR; };
		C598DC2F290F885A002CAB92 /* WordScrambleApp.swift */ = {isa = PBXFileReference; lastKnownFileType = sourcecode.swift; path = WordScrambleApp.swift; sourceTree = "<group>"; };
		C598DC31290F885A002CAB92 /* ContentView.swift */ = {isa = PBXFileReference; lastKnownFileType = sourcecode.swift; path = ContentView.swift; sourceTree = "<group>"; };
		C598DC33290F885C002CAB92 /* Assets.xcassets */ = {isa = PBXFileReference; lastKnownFileType = folder.assetcatalog; path = Assets.xcassets; sourceTree = "<group>"; };
		C598DC36290F885C002CAB92 /* Preview Assets.xcassets */ = {isa = PBXFileReference; lastKnownFileType = folder.assetcatalog; path = "Preview Assets.xcassets"; sourceTree = "<group>"; };
		C598DC3C290F885C002CAB92 /* WordScrambleTests.xctest */ = {isa = PBXFileReference; explicitFileType = wrapper.cfbundle; includeInIndex = 0; path = WordScrambleTests.xctest; sourceTree = BUILT_PRODUCTS_DIR; };
		C598DC40290F885C002CAB92 /* WordScrambleTests.swift */ = {isa = PBXFileReference; lastKnownFileType = sourcecode.swift; path = WordScrambleTests.swift; sourceTree = "<group>"; };
		C598DC46290F885C002CAB92 /* WordScrambleUITests.xctest */ = {isa = PBXFileReference; explicitFileType = wrapper.cfbundle; includeInIndex = 0; path = WordScrambleUITests.xctest; sourceTree = BUILT_PRODUCTS_DIR; };
		C598DC4A290F885C002CAB92 /* WordScrambleUITests.swift */ = {isa = PBXFileReference; lastKnownFileType = sourcecode.swift; path = WordScrambleUITests.swift; sourceTree = "<group>"; };
		C598DC4C290F885C002CAB92 /* WordScrambleUITestsLaunchTests.swift */ = {isa = PBXFileReference; lastKnownFileType = sourcecode.swift; path = WordScrambleUITestsLaunchTests.swift; sourceTree = "<group>"; };
		C598DC59290F8E2F002CAB92 /* start.txt */ = {isa = PBXFileReference; fileEncoding = 4; lastKnownFileType = text; path = start.txt; sourceTree = "<group>"; };
/* End PBXFileReference section */

/* Begin PBXFrameworksBuildPhase section */
		C598DC29290F885A002CAB92 /* Frameworks */ = {
			isa = PBXFrameworksBuildPhase;
			buildActionMask = 2147483647;
			files = (
			);
			runOnlyForDeploymentPostprocessing = 0;
		};
		C598DC39290F885C002CAB92 /* Frameworks */ = {
			isa = PBXFrameworksBuildPhase;
			buildActionMask = 2147483647;
			files = (
			);
			runOnlyForDeploymentPostprocessing = 0;
		};
		C598DC43290F885C002CAB92 /* Frameworks */ = {
			isa = PBXFrameworksBuildPhase;
			buildActionMask = 2147483647;
			files = (
			);
			runOnlyForDeploymentPostprocessing = 0;
		};
/* End PBXFrameworksBuildPhase section */

/* Begin PBXGroup section */
		C598DC23290F885A002CAB92 = {
			isa = PBXGroup;
			children = (
				C598DC2E290F885A002CAB92 /* WordScramble */,
				C598DC3F290F885C002CAB92 /* WordScrambleTests */,
				C598DC49290F885C002CAB92 /* WordScrambleUITests */,
				C598DC2D290F885A002CAB92 /* Products */,
			);
			sourceTree = "<group>";
		};
		C598DC2D290F885A002CAB92 /* Products */ = {
			isa = PBXGroup;
			children = (
				C598DC2C290F885A002CAB92 /* WordScramble.app */,
				C598DC3C290F885C002CAB92 /* WordScrambleTests.xctest */,
				C598DC46290F885C002CAB92 /* WordScrambleUITests.xctest */,
			);
			name = Products;
			sourceTree = "<group>";
		};
		C598DC2E290F885A002CAB92 /* WordScramble */ = {
			isa = PBXGroup;
			children = (
				C598DC2F290F885A002CAB92 /* WordScrambleApp.swift */,
				C598DC31290F885A002CAB92 /* ContentView.swift */,
				C598DC33290F885C002CAB92 /* Assets.xcassets */,
				C598DC59290F8E2F002CAB92 /* start.txt */,
				C598DC35290F885C002CAB92 /* Preview Content */,
			);
			path = WordScramble;
			sourceTree = "<group>";
		};
		C598DC35290F885C002CAB92 /* Preview Content */ = {
			isa = PBXGroup;
			children = (
				C598DC36290F885C002CAB92 /* Preview Assets.xcassets */,
			);
			path = "Preview Content";
			sourceTree = "<group>";
		};
		C598DC3F290F885C002CAB92 /* WordScrambleTests */ = {
			isa = PBXGroup;
			children = (
				C598DC40290F885C002CAB92 /* WordScrambleTests.swift */,
			);
			path = WordScrambleTests;
			sourceTree = "<group>";
		};
		C598DC49290F885C002CAB92 /* WordScrambleUITests */ = {
			isa = PBXGroup;
			children = (
				C598DC4A290F885C002CAB92 /* WordScrambleUITests.swift */,
				C598DC4C290F885C002CAB92 /* WordScrambleUITestsLaunchTests.swift */,
			);
			path = WordScrambleUITests;
			sourceTree = "<group>";
		};
/* End PBXGroup section */

/* Begin PBXNativeTarget section */
		C598DC2B290F885A002CAB92 /* WordScramble */ = {
			isa = PBXNativeTarget;
			buildConfigurationList = C598DC50290F885C002CAB92 /* Build configuration list for PBXNativeTarget "WordScramble" */;
			buildPhases = (
				C598DC28290F885A002CAB92 /* Sources */,
				C598DC29290F885A002CAB92 /* Frameworks */,
				C598DC2A290F885A002CAB92 /* Resources */,
			);
			buildRules = (
			);
			dependencies = (
			);
			name = WordScramble;
			productName = WordScramble;
			productReference = C598DC2C290F885A002CAB92 /* WordScramble.app */;
			productType = "com.apple.product-type.application";
		};
		C598DC3B290F885C002CAB92 /* WordScrambleTests */ = {
			isa = PBXNativeTarget;
			buildConfigurationList = C598DC53290F885C002CAB92 /* Build configuration list for PBXNativeTarget "WordScrambleTests" */;
			buildPhases = (
				C598DC38290F885C002CAB92 /* Sources */,
				C598DC39290F885C002CAB92 /* Frameworks */,
				C598DC3A290F885C002CAB92 /* Resources */,
			);
			buildRules = (
			);
			dependencies = (
				C598DC3E290F885C002CAB92 /* PBXTargetDependency */,
			);
			name = WordScrambleTests;
			productName = WordScrambleTests;
			productReference = C598DC3C290F885C002CAB92 /* WordScrambleTests.xctest */;
			productType = "com.apple.product-type.bundle.unit-test";
		};
		C598DC45290F885C002CAB92 /* WordScrambleUITests */ = {
			isa = PBXNativeTarget;
			buildConfigurationList = C598DC56290F885C002CAB92 /* Build configuration list for PBXNativeTarget "WordScrambleUITests" */;
			buildPhases = (
				C598DC42290F885C002CAB92 /* Sources */,
				C598DC43290F885C002CAB92 /* Frameworks */,
				C598DC44290F885C002CAB92 /* Resources */,
			);
			buildRules = (
			);
			dependencies = (
				C598DC48290F885C002CAB92 /* PBXTargetDependency */,
			);
			name = WordScrambleUITests;
			productName = WordScrambleUITests;
			productReference = C598DC46290F885C002CAB92 /* WordScrambleUITests.xctest */;
			productType = "com.apple.product-type.bundle.ui-testing";
		};
/* End PBXNativeTarget section */

/* Begin PBXProject section */
		C598DC24290F885A002CAB92 /* Project object */ = {
			isa = PBXProject;
			attributes = {
				BuildIndependentTargetsInParallel = 1;
				LastSwiftUpdateCheck = 1400;
				LastUpgradeCheck = 1400;
				TargetAttributes = {
					C598DC2B290F885A002CAB92 = {
						CreatedOnToolsVersion = 14.0.1;
					};
					C598DC3B290F885C002CAB92 = {
						CreatedOnToolsVersion = 14.0.1;
						TestTargetID = C598DC2B290F885A002CAB92;
					};
					C598DC45290F885C002CAB92 = {
						CreatedOnToolsVersion = 14.0.1;
						TestTargetID = C598DC2B290F885A002CAB92;
					};
				};
			};
			buildConfigurationList = C598DC27290F885A002CAB92 /* Build configuration list for PBXProject "WordScramble" */;
			compatibilityVersion = "Xcode 14.0";
			developmentRegion = en;
			hasScannedForEncodings = 0;
			knownRegions = (
				en,
				Base,
			);
			mainGroup = C598DC23290F885A002CAB92;
			productRefGroup = C598DC2D290F885A002CAB92 /* Products */;
			projectDirPath = "";
			projectRoot = "";
			targets = (
				C598DC2B290F885A002CAB92 /* WordScramble */,
				C598DC3B290F885C002CAB92 /* WordScrambleTests */,
				C598DC45290F885C002CAB92 /* WordScrambleUITests */,
			);
		};
/* End PBXProject section */

/* Begin PBXResourcesBuildPhase section */
		C598DC2A290F885A002CAB92 /* Resources */ = {
			isa = PBXResourcesBuildPhase;
			buildActionMask = 2147483647;
			files = (
				C598DC37290F885C002CAB92 /* Preview Assets.xcassets in Resources */,
				C598DC5A290F8E2F002CAB92 /* start.txt in Resources */,
				C598DC34290F885C002CAB92 /* Assets.xcassets in Resources */,
			);
			runOnlyForDeploymentPostprocessing = 0;
		};
		C598DC3A290F885C002CAB92 /* Resources */ = {
			isa = PBXResourcesBuildPhase;
			buildActionMask = 2147483647;
			files = (
			);
			runOnlyForDeploymentPostprocessing = 0;
		};
		C598DC44290F885C002CAB92 /* Resources */ = {
			isa = PBXResourcesBuildPhase;
			buildActionMask = 2147483647;
			files = (
			);
			runOnlyForDeploymentPostprocessing = 0;
		};
/* End PBXResourcesBuildPhase section */

/* Begin PBXSourcesBuildPhase section */
		C598DC28290F885A002CAB92 /* Sources */ = {
			isa = PBXSourcesBuildPhase;
			buildActionMask = 2147483647;
			files = (
				C598DC32290F885A002CAB92 /* ContentView.swift in Sources */,
				C598DC30290F885A002CAB92 /* WordScrambleApp.swift in Sources */,
			);
			runOnlyForDeploymentPostprocessing = 0;
		};
		C598DC38290F885C002CAB92 /* Sources */ = {
			isa = PBXSourcesBuildPhase;
			buildActionMask = 2147483647;
			files = (
				C598DC41290F885C002CAB92 /* WordScrambleTests.swift in Sources */,
			);
			runOnlyForDeploymentPostprocessing = 0;
		};
		C598DC42290F885C002CAB92 /* Sources */ = {
			isa = PBXSourcesBuildPhase;
			buildActionMask = 2147483647;
			files = (
				C598DC4B290F885C002CAB92 /* WordScrambleUITests.swift in Sources */,
				C598DC4D290F885C002CAB92 /* WordScrambleUITestsLaunchTests.swift in Sources */,
			);
			runOnlyForDeploymentPostprocessing = 0;
		};
/* End PBXSourcesBuildPhase section */

/* Begin PBXTargetDependency section */
		C598DC3E290F885C002CAB92 /* PBXTargetDependency */ = {
			isa = PBXTargetDependency;
			target = C598DC2B290F885A002CAB92 /* WordScramble */;
			targetProxy = C598DC3D290F885C002CAB92 /* PBXContainerItemProxy */;
		};
		C598DC48290F885C002CAB92 /* PBXTargetDependency */ = {
			isa = PBXTargetDependency;
			target = C598DC2B290F885A002CAB92 /* WordScramble */;
			targetProxy = C598DC47290F885C002CAB92 /* PBXContainerItemProxy */;
		};
/* End PBXTargetDependency section */

/* Begin XCBuildConfiguration section */
		C598DC4E290F885C002CAB92 /* Debug */ = {
			isa = XCBuildConfiguration;
			buildSettings = {
				ALWAYS_SEARCH_USER_PATHS = NO;
				CLANG_ANALYZER_NONNULL = YES;
				CLANG_ANALYZER_NUMBER_OBJECT_CONVERSION = YES_AGGRESSIVE;
				CLANG_CXX_LANGUAGE_STANDARD = "gnu++20";
				CLANG_ENABLE_MODULES = YES;
				CLANG_ENABLE_OBJC_ARC = YES;
				CLANG_ENABLE_OBJC_WEAK = YES;
				CLANG_WARN_BLOCK_CAPTURE_AUTORELEASING = YES;
				CLANG_WARN_BOOL_CONVERSION = YES;
				CLANG_WARN_COMMA = YES;
				CLANG_WARN_CONSTANT_CONVERSION = YES;
				CLANG_WARN_DEPRECATED_OBJC_IMPLEMENTATIONS = YES;
				CLANG_WARN_DIRECT_OBJC_ISA_USAGE = YES_ERROR;
				CLANG_WARN_DOCUMENTATION_COMMENTS = YES;
				CLANG_WARN_EMPTY_BODY = YES;
				CLANG_WARN_ENUM_CONVERSION = YES;
				CLANG_WARN_INFINITE_RECURSION = YES;
				CLANG_WARN_INT_CONVERSION = YES;
				CLANG_WARN_NON_LITERAL_NULL_CONVERSION = YES;
				CLANG_WARN_OBJC_IMPLICIT_RETAIN_SELF = YES;
				CLANG_WARN_OBJC_LITERAL_CONVERSION = YES;
				CLANG_WARN_OBJC_ROOT_CLASS = YES_ERROR;
				CLANG_WARN_QUOTED_INCLUDE_IN_FRAMEWORK_HEADER = YES;
				CLANG_WARN_RANGE_LOOP_ANALYSIS = YES;
				CLANG_WARN_STRICT_PROTOTYPES = YES;
				CLANG_WARN_SUSPICIOUS_MOVE = YES;
				CLANG_WARN_UNGUARDED_AVAILABILITY = YES_AGGRESSIVE;
				CLANG_WARN_UNREACHABLE_CODE = YES;
				CLANG_WARN__DUPLICATE_METHOD_MATCH = YES;
				COPY_PHASE_STRIP = NO;
				DEBUG_INFORMATION_FORMAT = dwarf;
				ENABLE_STRICT_OBJC_MSGSEND = YES;
				ENABLE_TESTABILITY = YES;
				GCC_C_LANGUAGE_STANDARD = gnu11;
				GCC_DYNAMIC_NO_PIC = NO;
				GCC_NO_COMMON_BLOCKS = YES;
				GCC_OPTIMIZATION_LEVEL = 0;
				GCC_PREPROCESSOR_DEFINITIONS = (
					"DEBUG=1",
					"$(inherited)",
				);
				GCC_WARN_64_TO_32_BIT_CONVERSION = YES;
				GCC_WARN_ABOUT_RETURN_TYPE = YES_ERROR;
				GCC_WARN_UNDECLARED_SELECTOR = YES;
				GCC_WARN_UNINITIALIZED_AUTOS = YES_AGGRESSIVE;
				GCC_WARN_UNUSED_FUNCTION = YES;
				GCC_WARN_UNUSED_VARIABLE = YES;
				IPHONEOS_DEPLOYMENT_TARGET = 16.0;
				MTL_ENABLE_DEBUG_INFO = INCLUDE_SOURCE;
				MTL_FAST_MATH = YES;
				ONLY_ACTIVE_ARCH = YES;
				SDKROOT = iphoneos;
				SWIFT_ACTIVE_COMPILATION_CONDITIONS = DEBUG;
				SWIFT_OPTIMIZATION_LEVEL = "-Onone";
			};
			name = Debug;
		};
		C598DC4F290F885C002CAB92 /* Release */ = {
			isa = XCBuildConfiguration;
			buildSettings = {
				ALWAYS_SEARCH_USER_PATHS = NO;
				CLANG_ANALYZER_NONNULL = YES;
				CLANG_ANALYZER_NUMBER_OBJECT_CONVERSION = YES_AGGRESSIVE;
				CLANG_CXX_LANGUAGE_STANDARD = "gnu++20";
				CLANG_ENABLE_MODULES = YES;
				CLANG_ENABLE_OBJC_ARC = YES;
				CLANG_ENABLE_OBJC_WEAK = YES;
				CLANG_WARN_BLOCK_CAPTURE_AUTORELEASING = YES;
				CLANG_WARN_BOOL_CONVERSION = YES;
				CLANG_WARN_COMMA = YES;
				CLANG_WARN_CONSTANT_CONVERSION = YES;
				CLANG_WARN_DEPRECATED_OBJC_IMPLEMENTATIONS = YES;
				CLANG_WARN_DIRECT_OBJC_ISA_USAGE = YES_ERROR;
				CLANG_WARN_DOCUMENTATION_COMMENTS = YES;
				CLANG_WARN_EMPTY_BODY = YES;
				CLANG_WARN_ENUM_CONVERSION = YES;
				CLANG_WARN_INFINITE_RECURSION = YES;
				CLANG_WARN_INT_CONVERSION = YES;
				CLANG_WARN_NON_LITERAL_NULL_CONVERSION = YES;
				CLANG_WARN_OBJC_IMPLICIT_RETAIN_SELF = YES;
				CLANG_WARN_OBJC_LITERAL_CONVERSION = YES;
				CLANG_WARN_OBJC_ROOT_CLASS = YES_ERROR;
				CLANG_WARN_QUOTED_INCLUDE_IN_FRAMEWORK_HEADER = YES;
				CLANG_WARN_RANGE_LOOP_ANALYSIS = YES;
				CLANG_WARN_STRICT_PROTOTYPES = YES;
				CLANG_WARN_SUSPICIOUS_MOVE = YES;
				CLANG_WARN_UNGUARDED_AVAILABILITY = YES_AGGRESSIVE;
				CLANG_WARN_UNREACHABLE_CODE = YES;
				CLANG_WARN__DUPLICATE_METHOD_MATCH = YES;
				COPY_PHASE_STRIP = NO;
				DEBUG_INFORMATION_FORMAT = "dwarf-with-dsym";
				ENABLE_NS_ASSERTIONS = NO;
				ENABLE_STRICT_OBJC_MSGSEND = YES;
				GCC_C_LANGUAGE_STANDARD = gnu11;
				GCC_NO_COMMON_BLOCKS = YES;
				GCC_WARN_64_TO_32_BIT_CONVERSION = YES;
				GCC_WARN_ABOUT_RETURN_TYPE = YES_ERROR;
				GCC_WARN_UNDECLARED_SELECTOR = YES;
				GCC_WARN_UNINITIALIZED_AUTOS = YES_AGGRESSIVE;
				GCC_WARN_UNUSED_FUNCTION = YES;
				GCC_WARN_UNUSED_VARIABLE = YES;
				IPHONEOS_DEPLOYMENT_TARGET = 16.0;
				MTL_ENABLE_DEBUG_INFO = NO;
				MTL_FAST_MATH = YES;
				SDKROOT = iphoneos;
				SWIFT_COMPILATION_MODE = wholemodule;
				SWIFT_OPTIMIZATION_LEVEL = "-O";
				VALIDATE_PRODUCT = YES;
			};
			name = Release;
		};
		C598DC51290F885C002CAB92 /* Debug */ = {
			isa = XCBuildConfiguration;
			buildSettings = {
				ASSETCATALOG_COMPILER_APPICON_NAME = AppIcon;
				ASSETCATALOG_COMPILER_GLOBAL_ACCENT_COLOR_NAME = AccentColor;
				CODE_SIGN_STYLE = Automatic;
				CURRENT_PROJECT_VERSION = 1;
				DEVELOPMENT_ASSET_PATHS = "\"WordScramble/Preview Content\"";
				DEVELOPMENT_TEAM = 4LD7WQ6CAY;
				ENABLE_PREVIEWS = YES;
				GENERATE_INFOPLIST_FILE = YES;
				INFOPLIST_KEY_UIApplicationSceneManifest_Generation = YES;
				INFOPLIST_KEY_UIApplicationSupportsIndirectInputEvents = YES;
				INFOPLIST_KEY_UILaunchScreen_Generation = YES;
				INFOPLIST_KEY_UISupportedInterfaceOrientations_iPad = "UIInterfaceOrientationPortrait UIInterfaceOrientationPortraitUpsideDown UIInterfaceOrientationLandscapeLeft UIInterfaceOrientationLandscapeRight";
				INFOPLIST_KEY_UISupportedInterfaceOrientations_iPhone = "UIInterfaceOrientationPortrait UIInterfaceOrientationLandscapeLeft UIInterfaceOrientationLandscapeRight";
				IPHONEOS_DEPLOYMENT_TARGET = 14.0;
				LD_RUNPATH_SEARCH_PATHS = (
					"$(inherited)",
					"@executable_path/Frameworks",
				);
				MARKETING_VERSION = 1.0;
				PRODUCT_BUNDLE_IDENTIFIER = com.tianhao.WordScramble;
				PRODUCT_NAME = "$(TARGET_NAME)";
				SWIFT_EMIT_LOC_STRINGS = YES;
				SWIFT_VERSION = 5.0;
				TARGETED_DEVICE_FAMILY = "1,2";
			};
			name = Debug;
		};
		C598DC52290F885C002CAB92 /* Release */ = {
			isa = XCBuildConfiguration;
			buildSettings = {
				ASSETCATALOG_COMPILER_APPICON_NAME = AppIcon;
				ASSETCATALOG_COMPILER_GLOBAL_ACCENT_COLOR_NAME = AccentColor;
				CODE_SIGN_STYLE = Automatic;
				CURRENT_PROJECT_VERSION = 1;
				DEVELOPMENT_ASSET_PATHS = "\"WordScramble/Preview Content\"";
				DEVELOPMENT_TEAM = 4LD7WQ6CAY;
				ENABLE_PREVIEWS = YES;
				GENERATE_INFOPLIST_FILE = YES;
				INFOPLIST_KEY_UIApplicationSceneManifest_Generation = YES;
				INFOPLIST_KEY_UIApplicationSupportsIndirectInputEvents = YES;
				INFOPLIST_KEY_UILaunchScreen_Generation = YES;
				INFOPLIST_KEY_UISupportedInterfaceOrientations_iPad = "UIInterfaceOrientationPortrait UIInterfaceOrientationPortraitUpsideDown UIInterfaceOrientationLandscapeLeft UIInterfaceOrientationLandscapeRight";
				INFOPLIST_KEY_UISupportedInterfaceOrientations_iPhone = "UIInterfaceOrientationPortrait UIInterfaceOrientationLandscapeLeft UIInterfaceOrientationLandscapeRight";
				IPHONEOS_DEPLOYMENT_TARGET = 14.0;
				LD_RUNPATH_SEARCH_PATHS = (
					"$(inherited)",
					"@executable_path/Frameworks",
				);
				MARKETING_VERSION = 1.0;
				PRODUCT_BUNDLE_IDENTIFIER = com.tianhao.WordScramble;
				PRODUCT_NAME = "$(TARGET_NAME)";
				SWIFT_EMIT_LOC_STRINGS = YES;
				SWIFT_VERSION = 5.0;
				TARGETED_DEVICE_FAMILY = "1,2";
			};
			name = Release;
		};
		C598DC54290F885C002CAB92 /* Debug */ = {
			isa = XCBuildConfiguration;
			buildSettings = {
				ALWAYS_EMBED_SWIFT_STANDARD_LIBRARIES = YES;
				BUNDLE_LOADER = "$(TEST_HOST)";
				CODE_SIGN_STYLE = Automatic;
				CURRENT_PROJECT_VERSION = 1;
				DEVELOPMENT_TEAM = 4LD7WQ6CAY;
				GENERATE_INFOPLIST_FILE = YES;
				IPHONEOS_DEPLOYMENT_TARGET = 16.0;
				MARKETING_VERSION = 1.0;
				PRODUCT_BUNDLE_IDENTIFIER = com.tianhao.WordScrambleTests;
				PRODUCT_NAME = "$(TARGET_NAME)";
				SWIFT_EMIT_LOC_STRINGS = NO;
				SWIFT_VERSION = 5.0;
				TARGETED_DEVICE_FAMILY = "1,2";
				TEST_HOST = "$(BUILT_PRODUCTS_DIR)/WordScramble.app/$(BUNDLE_EXECUTABLE_FOLDER_PATH)/WordScramble";
			};
			name = Debug;
		};
		C598DC55290F885C002CAB92 /* Release */ = {
			isa = XCBuildConfiguration;
			buildSettings = {
				ALWAYS_EMBED_SWIFT_STANDARD_LIBRARIES = YES;
				BUNDLE_LOADER = "$(TEST_HOST)";
				CODE_SIGN_STYLE = Automatic;
				CURRENT_PROJECT_VERSION = 1;
				DEVELOPMENT_TEAM = 4LD7WQ6CAY;
				GENERATE_INFOPLIST_FILE = YES;
				IPHONEOS_DEPLOYMENT_TARGET = 16.0;
				MARKETING_VERSION = 1.0;
				PRODUCT_BUNDLE_IDENTIFIER = com.tianhao.WordScrambleTests;
				PRODUCT_NAME = "$(TARGET_NAME)";
				SWIFT_EMIT_LOC_STRINGS = NO;
				SWIFT_VERSION = 5.0;
				TARGETED_DEVICE_FAMILY = "1,2";
				TEST_HOST = "$(BUILT_PRODUCTS_DIR)/WordScramble.app/$(BUNDLE_EXECUTABLE_FOLDER_PATH)/WordScramble";
			};
			name = Release;
		};
		C598DC57290F885C002CAB92 /* Debug */ = {
			isa = XCBuildConfiguration;
			buildSettings = {
				ALWAYS_EMBED_SWIFT_STANDARD_LIBRARIES = YES;
				CODE_SIGN_STYLE = Automatic;
				CURRENT_PROJECT_VERSION = 1;
				DEVELOPMENT_TEAM = 4LD7WQ6CAY;
				GENERATE_INFOPLIST_FILE = YES;
				MARKETING_VERSION = 1.0;
				PRODUCT_BUNDLE_IDENTIFIER = com.tianhao.WordScrambleUITests;
				PRODUCT_NAME = "$(TARGET_NAME)";
				SWIFT_EMIT_LOC_STRINGS = NO;
				SWIFT_VERSION = 5.0;
				TARGETED_DEVICE_FAMILY = "1,2";
				TEST_TARGET_NAME = WordScramble;
			};
			name = Debug;
		};
		C598DC58290F885C002CAB92 /* Release */ = {
			isa = XCBuildConfiguration;
			buildSettings = {
				ALWAYS_EMBED_SWIFT_STANDARD_LIBRARIES = YES;
				CODE_SIGN_STYLE = Automatic;
				CURRENT_PROJECT_VERSION = 1;
				DEVELOPMENT_TEAM = 4LD7WQ6CAY;
				GENERATE_INFOPLIST_FILE = YES;
				MARKETING_VERSION = 1.0;
				PRODUCT_BUNDLE_IDENTIFIER = com.tianhao.WordScrambleUITests;
				PRODUCT_NAME = "$(TARGET_NAME)";
				SWIFT_EMIT_LOC_STRINGS = NO;
				SWIFT_VERSION = 5.0;
				TARGETED_DEVICE_FAMILY = "1,2";
				TEST_TARGET_NAME = WordScramble;
			};
			name = Release;
		};
/* End XCBuildConfiguration section */

/* Begin XCConfigurationList section */
		C598DC27290F885A002CAB92 /* Build configuration list for PBXProject "WordScramble" */ = {
			isa = XCConfigurationList;
			buildConfigurations = (
				C598DC4E290F885C002CAB92 /* Debug */,
				C598DC4F290F885C002CAB92 /* Release */,
			);
			defaultConfigurationIsVisible = 0;
			defaultConfigurationName = Release;
		};
		C598DC50290F885C002CAB92 /* Build configuration list for PBXNativeTarget "WordScramble" */ = {
			isa = XCConfigurationList;
			buildConfigurations = (
				C598DC51290F885C002CAB92 /* Debug */,
				C598DC52290F885C002CAB92 /* Release */,
			);
			defaultConfigurationIsVisible = 0;
			defaultConfigurationName = Release;
		};
		C598DC53290F885C002CAB92 /* Build configuration list for PBXNativeTarget "WordScrambleTests" */ = {
			isa = XCConfigurationList;
			buildConfigurations = (
				C598DC54290F885C002CAB92 /* Debug */,
				C598DC55290F885C002CAB92 /* Release */,
			);
			defaultConfigurationIsVisible = 0;
			defaultConfigurationName = Release;
		};
		C598DC56290F885C002CAB92 /* Build configuration list for PBXNativeTarget "WordScrambleUITests" */ = {
			isa = XCConfigurationList;
			buildConfigurations = (
				C598DC57290F885C002CAB92 /* Debug */,
				C598DC58290F885C002CAB92 /* Release */,
			);
			defaultConfigurationIsVisible = 0;
			defaultConfigurationName = Release;
		};
/* End XCConfigurationList section */
	};
	rootObject = C598DC24290F885A002CAB92 /* Project object */;
}
