// !$*UTF8*$!
{
	archiveVersion = 1;
	classes = {
	};
	objectVersion = 55;
	objects = {

/* Begin PBXBuildFile section */
		C527A7CD28FAA281005AAB0B /* ContentView.swift in Sources */ = {isa = PBXBuildFile; fileRef = C527A7CC28FAA281005AAB0B /* ContentView.swift */; };
		C527A7CF28FAA283005AAB0B /* Assets.xcassets in Resources */ = {isa = PBXBuildFile; fileRef = C527A7CE28FAA283005AAB0B /* Assets.xcassets */; };
		C527A7D228FAA283005AAB0B /* Preview Assets.xcassets in Resources */ = {isa = PBXBuildFile; fileRef = C527A7D128FAA283005AAB0B /* Preview Assets.xcassets */; };
		C527A7DC28FAA283005AAB0B /* WeSplitTests.swift in Sources */ = {isa = PBXBuildFile; fileRef = C527A7DB28FAA283005AAB0B /* WeSplitTests.swift */; };
		C527A7E628FAA283005AAB0B /* WeSplitUITests.swift in Sources */ = {isa = PBXBuildFile; fileRef = C527A7E528FAA283005AAB0B /* WeSplitUITests.swift */; };
		C527A7E828FAA283005AAB0B /* WeSplitUITestsLaunchTests.swift in Sources */ = {isa = PBXBuildFile; fileRef = C527A7E728FAA283005AAB0B /* WeSplitUITestsLaunchTests.swift */; };
		C527A7F528FAA330005AAB0B /* Main.swift in Sources */ = {isa = PBXBuildFile; fileRef = C527A7F428FAA330005AAB0B /* Main.swift */; };
/* End PBXBuildFile section */

/* Begin PBXContainerItemProxy section */
		C527A7D828FAA283005AAB0B /* PBXContainerItemProxy */ = {
			isa = PBXContainerItemProxy;
			containerPortal = C527A7BF28FAA281005AAB0B /* Project object */;
			proxyType = 1;
			remoteGlobalIDString = C527A7C628FAA281005AAB0B;
			remoteInfo = WeSplit;
		};
		C527A7E228FAA283005AAB0B /* PBXContainerItemProxy */ = {
			isa = PBXContainerItemProxy;
			containerPortal = C527A7BF28FAA281005AAB0B /* Project object */;
			proxyType = 1;
			remoteGlobalIDString = C527A7C628FAA281005AAB0B;
			remoteInfo = WeSplit;
		};
/* End PBXContainerItemProxy section */

/* Begin PBXFileReference section */
		C527A7C728FAA281005AAB0B /* WeSplit.app */ = {isa = PBXFileReference; explicitFileType = wrapper.application; includeInIndex = 0; path = WeSplit.app; sourceTree = BUILT_PRODUCTS_DIR; };
		C527A7CC28FAA281005AAB0B /* ContentView.swift */ = {isa = PBXFileReference; lastKnownFileType = sourcecode.swift; path = ContentView.swift; sourceTree = "<group>"; };
		C527A7CE28FAA283005AAB0B /* Assets.xcassets */ = {isa = PBXFileReference; lastKnownFileType = folder.assetcatalog; path = Assets.xcassets; sourceTree = "<group>"; };
		C527A7D128FAA283005AAB0B /* Preview Assets.xcassets */ = {isa = PBXFileReference; lastKnownFileType = folder.assetcatalog; path = "Preview Assets.xcassets"; sourceTree = "<group>"; };
		C527A7D728FAA283005AAB0B /* WeSplitTests.xctest */ = {isa = PBXFileReference; explicitFileType = wrapper.cfbundle; includeInIndex = 0; path = WeSplitTests.xctest; sourceTree = BUILT_PRODUCTS_DIR; };
		C527A7DB28FAA283005AAB0B /* WeSplitTests.swift */ = {isa = PBXFileReference; lastKnownFileType = sourcecode.swift; path = WeSplitTests.swift; sourceTree = "<group>"; };
		C527A7E128FAA283005AAB0B /* WeSplitUITests.xctest */ = {isa = PBXFileReference; explicitFileType = wrapper.cfbundle; includeInIndex = 0; path = WeSplitUITests.xctest; sourceTree = BUILT_PRODUCTS_DIR; };
		C527A7E528FAA283005AAB0B /* WeSplitUITests.swift */ = {isa = PBXFileReference; lastKnownFileType = sourcecode.swift; path = WeSplitUITests.swift; sourceTree = "<group>"; };
		C527A7E728FAA283005AAB0B /* WeSplitUITestsLaunchTests.swift */ = {isa = PBXFileReference; lastKnownFileType = sourcecode.swift; path = WeSplitUITestsLaunchTests.swift; sourceTree = "<group>"; };
		C527A7F428FAA330005AAB0B /* Main.swift */ = {isa = PBXFileReference; lastKnownFileType = sourcecode.swift; path = Main.swift; sourceTree = "<group>"; };
		C527A7F628FAA38F005AAB0B /* Info.plist */ = {isa = PBXFileReference; lastKnownFileType = text.plist; path = Info.plist; sourceTree = "<group>"; };
/* End PBXFileReference section */

/* Begin PBXFrameworksBuildPhase section */
		C527A7C428FAA281005AAB0B /* Frameworks */ = {
			isa = PBXFrameworksBuildPhase;
			buildActionMask = 2147483647;
			files = (
			);
			runOnlyForDeploymentPostprocessing = 0;
		};
		C527A7D428FAA283005AAB0B /* Frameworks */ = {
			isa = PBXFrameworksBuildPhase;
			buildActionMask = 2147483647;
			files = (
			);
			runOnlyForDeploymentPostprocessing = 0;
		};
		C527A7DE28FAA283005AAB0B /* Frameworks */ = {
			isa = PBXFrameworksBuildPhase;
			buildActionMask = 2147483647;
			files = (
			);
			runOnlyForDeploymentPostprocessing = 0;
		};
/* End PBXFrameworksBuildPhase section */

/* Begin PBXGroup section */
		C527A7BE28FAA281005AAB0B = {
			isa = PBXGroup;
			children = (
				C527A7C928FAA281005AAB0B /* WeSplit */,
				C527A7DA28FAA283005AAB0B /* WeSplitTests */,
				C527A7E428FAA283005AAB0B /* WeSplitUITests */,
				C527A7C828FAA281005AAB0B /* Products */,
			);
			sourceTree = "<group>";
		};
		C527A7C828FAA281005AAB0B /* Products */ = {
			isa = PBXGroup;
			children = (
				C527A7C728FAA281005AAB0B /* WeSplit.app */,
				C527A7D728FAA283005AAB0B /* WeSplitTests.xctest */,
				C527A7E128FAA283005AAB0B /* WeSplitUITests.xctest */,
			);
			name = Products;
			sourceTree = "<group>";
		};
		C527A7C928FAA281005AAB0B /* WeSplit */ = {
			isa = PBXGroup;
			children = (
				C527A7F628FAA38F005AAB0B /* Info.plist */,
				C527A7CC28FAA281005AAB0B /* ContentView.swift */,
				C527A7CE28FAA283005AAB0B /* Assets.xcassets */,
				C527A7D028FAA283005AAB0B /* Preview Content */,
				C527A7F428FAA330005AAB0B /* Main.swift */,
			);
			path = WeSplit;
			sourceTree = "<group>";
		};
		C527A7D028FAA283005AAB0B /* Preview Content */ = {
			isa = PBXGroup;
			children = (
				C527A7D128FAA283005AAB0B /* Preview Assets.xcassets */,
			);
			path = "Preview Content";
			sourceTree = "<group>";
		};
		C527A7DA28FAA283005AAB0B /* WeSplitTests */ = {
			isa = PBXGroup;
			children = (
				C527A7DB28FAA283005AAB0B /* WeSplitTests.swift */,
			);
			path = WeSplitTests;
			sourceTree = "<group>";
		};
		C527A7E428FAA283005AAB0B /* WeSplitUITests */ = {
			isa = PBXGroup;
			children = (
				C527A7E528FAA283005AAB0B /* WeSplitUITests.swift */,
				C527A7E728FAA283005AAB0B /* WeSplitUITestsLaunchTests.swift */,
			);
			path = WeSplitUITests;
			sourceTree = "<group>";
		};
/* End PBXGroup section */

/* Begin PBXNativeTarget section */
		C527A7C628FAA281005AAB0B /* WeSplit */ = {
			isa = PBXNativeTarget;
			buildConfigurationList = C527A7EB28FAA283005AAB0B /* Build configuration list for PBXNativeTarget "WeSplit" */;
			buildPhases = (
				C527A7C328FAA281005AAB0B /* Sources */,
				C527A7C428FAA281005AAB0B /* Frameworks */,
				C527A7C528FAA281005AAB0B /* Resources */,
			);
			buildRules = (
			);
			dependencies = (
			);
			name = WeSplit;
			productName = WeSplit;
			productReference = C527A7C728FAA281005AAB0B /* WeSplit.app */;
			productType = "com.apple.product-type.application";
		};
		C527A7D628FAA283005AAB0B /* WeSplitTests */ = {
			isa = PBXNativeTarget;
			buildConfigurationList = C527A7EE28FAA283005AAB0B /* Build configuration list for PBXNativeTarget "WeSplitTests" */;
			buildPhases = (
				C527A7D328FAA283005AAB0B /* Sources */,
				C527A7D428FAA283005AAB0B /* Frameworks */,
				C527A7D528FAA283005AAB0B /* Resources */,
			);
			buildRules = (
			);
			dependencies = (
				C527A7D928FAA283005AAB0B /* PBXTargetDependency */,
			);
			name = WeSplitTests;
			productName = WeSplitTests;
			productReference = C527A7D728FAA283005AAB0B /* WeSplitTests.xctest */;
			productType = "com.apple.product-type.bundle.unit-test";
		};
		C527A7E028FAA283005AAB0B /* WeSplitUITests */ = {
			isa = PBXNativeTarget;
			buildConfigurationList = C527A7F128FAA283005AAB0B /* Build configuration list for PBXNativeTarget "WeSplitUITests" */;
			buildPhases = (
				C527A7DD28FAA283005AAB0B /* Sources */,
				C527A7DE28FAA283005AAB0B /* Frameworks */,
				C527A7DF28FAA283005AAB0B /* Resources */,
			);
			buildRules = (
			);
			dependencies = (
				C527A7E328FAA283005AAB0B /* PBXTargetDependency */,
			);
			name = WeSplitUITests;
			productName = WeSplitUITests;
			productReference = C527A7E128FAA283005AAB0B /* WeSplitUITests.xctest */;
			productType = "com.apple.product-type.bundle.ui-testing";
		};
/* End PBXNativeTarget section */

/* Begin PBXProject section */
		C527A7BF28FAA281005AAB0B /* Project object */ = {
			isa = PBXProject;
			attributes = {
				BuildIndependentTargetsInParallel = 1;
				LastSwiftUpdateCheck = 1340;
				LastUpgradeCheck = 1340;
				TargetAttributes = {
					C527A7C628FAA281005AAB0B = {
						CreatedOnToolsVersion = 13.4.1;
					};
					C527A7D628FAA283005AAB0B = {
						CreatedOnToolsVersion = 13.4.1;
						TestTargetID = C527A7C628FAA281005AAB0B;
					};
					C527A7E028FAA283005AAB0B = {
						CreatedOnToolsVersion = 13.4.1;
						TestTargetID = C527A7C628FAA281005AAB0B;
					};
				};
			};
			buildConfigurationList = C527A7C228FAA281005AAB0B /* Build configuration list for PBXProject "WeSplit" */;
			compatibilityVersion = "Xcode 13.0";
			developmentRegion = en;
			hasScannedForEncodings = 0;
			knownRegions = (
				en,
				Base,
			);
			mainGroup = C527A7BE28FAA281005AAB0B;
			productRefGroup = C527A7C828FAA281005AAB0B /* Products */;
			projectDirPath = "";
			projectRoot = "";
			targets = (
				C527A7C628FAA281005AAB0B /* WeSplit */,
				C527A7D628FAA283005AAB0B /* WeSplitTests */,
				C527A7E028FAA283005AAB0B /* WeSplitUITests */,
			);
		};
/* End PBXProject section */

/* Begin PBXResourcesBuildPhase section */
		C527A7C528FAA281005AAB0B /* Resources */ = {
			isa = PBXResourcesBuildPhase;
			buildActionMask = 2147483647;
			files = (
				C527A7D228FAA283005AAB0B /* Preview Assets.xcassets in Resources */,
				C527A7CF28FAA283005AAB0B /* Assets.xcassets in Resources */,
			);
			runOnlyForDeploymentPostprocessing = 0;
		};
		C527A7D528FAA283005AAB0B /* Resources */ = {
			isa = PBXResourcesBuildPhase;
			buildActionMask = 2147483647;
			files = (
			);
			runOnlyForDeploymentPostprocessing = 0;
		};
		C527A7DF28FAA283005AAB0B /* Resources */ = {
			isa = PBXResourcesBuildPhase;
			buildActionMask = 2147483647;
			files = (
			);
			runOnlyForDeploymentPostprocessing = 0;
		};
/* End PBXResourcesBuildPhase section */

/* Begin PBXSourcesBuildPhase section */
		C527A7C328FAA281005AAB0B /* Sources */ = {
			isa = PBXSourcesBuildPhase;
			buildActionMask = 2147483647;
			files = (
				C527A7F528FAA330005AAB0B /* Main.swift in Sources */,
				C527A7CD28FAA281005AAB0B /* ContentView.swift in Sources */,
			);
			runOnlyForDeploymentPostprocessing = 0;
		};
		C527A7D328FAA283005AAB0B /* Sources */ = {
			isa = PBXSourcesBuildPhase;
			buildActionMask = 2147483647;
			files = (
				C527A7DC28FAA283005AAB0B /* WeSplitTests.swift in Sources */,
			);
			runOnlyForDeploymentPostprocessing = 0;
		};
		C527A7DD28FAA283005AAB0B /* Sources */ = {
			isa = PBXSourcesBuildPhase;
			buildActionMask = 2147483647;
			files = (
				C527A7E628FAA283005AAB0B /* WeSplitUITests.swift in Sources */,
				C527A7E828FAA283005AAB0B /* WeSplitUITestsLaunchTests.swift in Sources */,
			);
			runOnlyForDeploymentPostprocessing = 0;
		};
/* End PBXSourcesBuildPhase section */

/* Begin PBXTargetDependency section */
		C527A7D928FAA283005AAB0B /* PBXTargetDependency */ = {
			isa = PBXTargetDependency;
			target = C527A7C628FAA281005AAB0B /* WeSplit */;
			targetProxy = C527A7D828FAA283005AAB0B /* PBXContainerItemProxy */;
		};
		C527A7E328FAA283005AAB0B /* PBXTargetDependency */ = {
			isa = PBXTargetDependency;
			target = C527A7C628FAA281005AAB0B /* WeSplit */;
			targetProxy = C527A7E228FAA283005AAB0B /* PBXContainerItemProxy */;
		};
/* End PBXTargetDependency section */

/* Begin XCBuildConfiguration section */
		C527A7E928FAA283005AAB0B /* Debug */ = {
			isa = XCBuildConfiguration;
			buildSettings = {
				ALWAYS_SEARCH_USER_PATHS = NO;
				CLANG_ANALYZER_NONNULL = YES;
				CLANG_ANALYZER_NUMBER_OBJECT_CONVERSION = YES_AGGRESSIVE;
				CLANG_CXX_LANGUAGE_STANDARD = "gnu++17";
				CLANG_ENABLE_MODULES = YES;
				CLANG_ENABLE_OBJC_ARC = YES;
				CLANG_ENABLE_OBJC_WEAK = YES;
				CLANG_WARN_BLOCK_CAPTURE_AUTORELEASING = YES;
				CLANG_WARN_BOOL_CONVERSION = YES;
				CLANG_WARN_COMMA = YES;
				CLANG_WARN_CONSTANT_CONVERSION = YES;
				CLANG_WARN_DEPRECATED_OBJC_IMPLEMENTATIONS = YES;
				CLANG_WARN_DIRECT_OBJC_ISA_USAGE = YES_ERROR;
				CLANG_WARN_DOCUMENTATION_COMMENTS = YES;
				CLANG_WARN_EMPTY_BODY = YES;
				CLANG_WARN_ENUM_CONVERSION = YES;
				CLANG_WARN_INFINITE_RECURSION = YES;
				CLANG_WARN_INT_CONVERSION = YES;
				CLANG_WARN_NON_LITERAL_NULL_CONVERSION = YES;
				CLANG_WARN_OBJC_IMPLICIT_RETAIN_SELF = YES;
				CLANG_WARN_OBJC_LITERAL_CONVERSION = YES;
				CLANG_WARN_OBJC_ROOT_CLASS = YES_ERROR;
				CLANG_WARN_QUOTED_INCLUDE_IN_FRAMEWORK_HEADER = YES;
				CLANG_WARN_RANGE_LOOP_ANALYSIS = YES;
				CLANG_WARN_STRICT_PROTOTYPES = YES;
				CLANG_WARN_SUSPICIOUS_MOVE = YES;
				CLANG_WARN_UNGUARDED_AVAILABILITY = YES_AGGRESSIVE;
				CLANG_WARN_UNREACHABLE_CODE = YES;
				CLANG_WARN__DUPLICATE_METHOD_MATCH = YES;
				COPY_PHASE_STRIP = NO;
				DEBUG_INFORMATION_FORMAT = dwarf;
				ENABLE_STRICT_OBJC_MSGSEND = YES;
				ENABLE_TESTABILITY = YES;
				GCC_C_LANGUAGE_STANDARD = gnu11;
				GCC_DYNAMIC_NO_PIC = NO;
				GCC_NO_COMMON_BLOCKS = YES;
				GCC_OPTIMIZATION_LEVEL = 0;
				GCC_PREPROCESSOR_DEFINITIONS = (
					"DEBUG=1",
					"$(inherited)",
				);
				GCC_WARN_64_TO_32_BIT_CONVERSION = YES;
				GCC_WARN_ABOUT_RETURN_TYPE = YES_ERROR;
				GCC_WARN_UNDECLARED_SELECTOR = YES;
				GCC_WARN_UNINITIALIZED_AUTOS = YES_AGGRESSIVE;
				GCC_WARN_UNUSED_FUNCTION = YES;
				GCC_WARN_UNUSED_VARIABLE = YES;
				IPHONEOS_DEPLOYMENT_TARGET = 15.5;
				MTL_ENABLE_DEBUG_INFO = INCLUDE_SOURCE;
				MTL_FAST_MATH = YES;
				ONLY_ACTIVE_ARCH = YES;
				SDKROOT = iphoneos;
				SWIFT_ACTIVE_COMPILATION_CONDITIONS = DEBUG;
				SWIFT_OPTIMIZATION_LEVEL = "-Onone";
			};
			name = Debug;
		};
		C527A7EA28FAA283005AAB0B /* Release */ = {
			isa = XCBuildConfiguration;
			buildSettings = {
				ALWAYS_SEARCH_USER_PATHS = NO;
				CLANG_ANALYZER_NONNULL = YES;
				CLANG_ANALYZER_NUMBER_OBJECT_CONVERSION = YES_AGGRESSIVE;
				CLANG_CXX_LANGUAGE_STANDARD = "gnu++17";
				CLANG_ENABLE_MODULES = YES;
				CLANG_ENABLE_OBJC_ARC = YES;
				CLANG_ENABLE_OBJC_WEAK = YES;
				CLANG_WARN_BLOCK_CAPTURE_AUTORELEASING = YES;
				CLANG_WARN_BOOL_CONVERSION = YES;
				CLANG_WARN_COMMA = YES;
				CLANG_WARN_CONSTANT_CONVERSION = YES;
				CLANG_WARN_DEPRECATED_OBJC_IMPLEMENTATIONS = YES;
				CLANG_WARN_DIRECT_OBJC_ISA_USAGE = YES_ERROR;
				CLANG_WARN_DOCUMENTATION_COMMENTS = YES;
				CLANG_WARN_EMPTY_BODY = YES;
				CLANG_WARN_ENUM_CONVERSION = YES;
				CLANG_WARN_INFINITE_RECURSION = YES;
				CLANG_WARN_INT_CONVERSION = YES;
				CLANG_WARN_NON_LITERAL_NULL_CONVERSION = YES;
				CLANG_WARN_OBJC_IMPLICIT_RETAIN_SELF = YES;
				CLANG_WARN_OBJC_LITERAL_CONVERSION = YES;
				CLANG_WARN_OBJC_ROOT_CLASS = YES_ERROR;
				CLANG_WARN_QUOTED_INCLUDE_IN_FRAMEWORK_HEADER = YES;
				CLANG_WARN_RANGE_LOOP_ANALYSIS = YES;
				CLANG_WARN_STRICT_PROTOTYPES = YES;
				CLANG_WARN_SUSPICIOUS_MOVE = YES;
				CLANG_WARN_UNGUARDED_AVAILABILITY = YES_AGGRESSIVE;
				CLANG_WARN_UNREACHABLE_CODE = YES;
				CLANG_WARN__DUPLICATE_METHOD_MATCH = YES;
				COPY_PHASE_STRIP = NO;
				DEBUG_INFORMATION_FORMAT = "dwarf-with-dsym";
				ENABLE_NS_ASSERTIONS = NO;
				ENABLE_STRICT_OBJC_MSGSEND = YES;
				GCC_C_LANGUAGE_STANDARD = gnu11;
				GCC_NO_COMMON_BLOCKS = YES;
				GCC_WARN_64_TO_32_BIT_CONVERSION = YES;
				GCC_WARN_ABOUT_RETURN_TYPE = YES_ERROR;
				GCC_WARN_UNDECLARED_SELECTOR = YES;
				GCC_WARN_UNINITIALIZED_AUTOS = YES_AGGRESSIVE;
				GCC_WARN_UNUSED_FUNCTION = YES;
				GCC_WARN_UNUSED_VARIABLE = YES;
				IPHONEOS_DEPLOYMENT_TARGET = 15.5;
				MTL_ENABLE_DEBUG_INFO = NO;
				MTL_FAST_MATH = YES;
				SDKROOT = iphoneos;
				SWIFT_COMPILATION_MODE = wholemodule;
				SWIFT_OPTIMIZATION_LEVEL = "-O";
				VALIDATE_PRODUCT = YES;
			};
			name = Release;
		};
		C527A7EC28FAA283005AAB0B /* Debug */ = {
			isa = XCBuildConfiguration;
			buildSettings = {
				ASSETCATALOG_COMPILER_APPICON_NAME = AppIcon;
				ASSETCATALOG_COMPILER_GLOBAL_ACCENT_COLOR_NAME = AccentColor;
				CODE_SIGN_STYLE = Automatic;
				CURRENT_PROJECT_VERSION = 1;
				DEVELOPMENT_ASSET_PATHS = "\"WeSplit/Preview Content\"";
				DEVELOPMENT_TEAM = 4LD7WQ6CAY;
				ENABLE_PREVIEWS = YES;
				GENERATE_INFOPLIST_FILE = YES;
				INFOPLIST_FILE = WeSplit/Info.plist;
				INFOPLIST_KEY_UIApplicationSupportsIndirectInputEvents = YES;
				INFOPLIST_KEY_UILaunchScreen_Generation = YES;
				INFOPLIST_KEY_UISupportedInterfaceOrientations = UIInterfaceOrientationPortrait;
				INFOPLIST_KEY_UISupportedInterfaceOrientations_iPad = "UIInterfaceOrientationPortrait UIInterfaceOrientationPortraitUpsideDown UIInterfaceOrientationLandscapeLeft UIInterfaceOrientationLandscapeRight";
				INFOPLIST_KEY_UISupportedInterfaceOrientations_iPhone = "UIInterfaceOrientationPortrait UIInterfaceOrientationLandscapeLeft UIInterfaceOrientationLandscapeRight";
				IPHONEOS_DEPLOYMENT_TARGET = 13.0;
				LD_RUNPATH_SEARCH_PATHS = (
					"$(inherited)",
					"@executable_path/Frameworks",
				);
				MARKETING_VERSION = 1.0;
				PRODUCT_BUNDLE_IDENTIFIER = com.tianhao.WeSplit;
				PRODUCT_NAME = "$(TARGET_NAME)";
				SWIFT_EMIT_LOC_STRINGS = YES;
				SWIFT_VERSION = 5.0;
				TARGETED_DEVICE_FAMILY = 1;
			};
			name = Debug;
		};
		C527A7ED28FAA283005AAB0B /* Release */ = {
			isa = XCBuildConfiguration;
			buildSettings = {
				ASSETCATALOG_COMPILER_APPICON_NAME = AppIcon;
				ASSETCATALOG_COMPILER_GLOBAL_ACCENT_COLOR_NAME = AccentColor;
				CODE_SIGN_STYLE = Automatic;
				CURRENT_PROJECT_VERSION = 1;
				DEVELOPMENT_ASSET_PATHS = "\"WeSplit/Preview Content\"";
				DEVELOPMENT_TEAM = 4LD7WQ6CAY;
				ENABLE_PREVIEWS = YES;
				GENERATE_INFOPLIST_FILE = YES;
				INFOPLIST_FILE = WeSplit/Info.plist;
				INFOPLIST_KEY_UIApplicationSupportsIndirectInputEvents = YES;
				INFOPLIST_KEY_UILaunchScreen_Generation = YES;
				INFOPLIST_KEY_UISupportedInterfaceOrientations = UIInterfaceOrientationPortrait;
				INFOPLIST_KEY_UISupportedInterfaceOrientations_iPad = "UIInterfaceOrientationPortrait UIInterfaceOrientationPortraitUpsideDown UIInterfaceOrientationLandscapeLeft UIInterfaceOrientationLandscapeRight";
				INFOPLIST_KEY_UISupportedInterfaceOrientations_iPhone = "UIInterfaceOrientationPortrait UIInterfaceOrientationLandscapeLeft UIInterfaceOrientationLandscapeRight";
				IPHONEOS_DEPLOYMENT_TARGET = 13.0;
				LD_RUNPATH_SEARCH_PATHS = (
					"$(inherited)",
					"@executable_path/Frameworks",
				);
				MARKETING_VERSION = 1.0;
				PRODUCT_BUNDLE_IDENTIFIER = com.tianhao.WeSplit;
				PRODUCT_NAME = "$(TARGET_NAME)";
				SWIFT_EMIT_LOC_STRINGS = YES;
				SWIFT_VERSION = 5.0;
				TARGETED_DEVICE_FAMILY = 1;
			};
			name = Release;
		};
		C527A7EF28FAA283005AAB0B /* Debug */ = {
			isa = XCBuildConfiguration;
			buildSettings = {
				ALWAYS_EMBED_SWIFT_STANDARD_LIBRARIES = YES;
				BUNDLE_LOADER = "$(TEST_HOST)";
				CODE_SIGN_STYLE = Automatic;
				CURRENT_PROJECT_VERSION = 1;
				DEVELOPMENT_TEAM = 4LD7WQ6CAY;
				GENERATE_INFOPLIST_FILE = YES;
				IPHONEOS_DEPLOYMENT_TARGET = 15.5;
				MARKETING_VERSION = 1.0;
				PRODUCT_BUNDLE_IDENTIFIER = com.tianhao.WeSplitTests;
				PRODUCT_NAME = "$(TARGET_NAME)";
				SWIFT_EMIT_LOC_STRINGS = NO;
				SWIFT_VERSION = 5.0;
				TARGETED_DEVICE_FAMILY = "1,2";
				TEST_HOST = "$(BUILT_PRODUCTS_DIR)/WeSplit.app/WeSplit";
			};
			name = Debug;
		};
		C527A7F028FAA283005AAB0B /* Release */ = {
			isa = XCBuildConfiguration;
			buildSettings = {
				ALWAYS_EMBED_SWIFT_STANDARD_LIBRARIES = YES;
				BUNDLE_LOADER = "$(TEST_HOST)";
				CODE_SIGN_STYLE = Automatic;
				CURRENT_PROJECT_VERSION = 1;
				DEVELOPMENT_TEAM = 4LD7WQ6CAY;
				GENERATE_INFOPLIST_FILE = YES;
				IPHONEOS_DEPLOYMENT_TARGET = 15.5;
				MARKETING_VERSION = 1.0;
				PRODUCT_BUNDLE_IDENTIFIER = com.tianhao.WeSplitTests;
				PRODUCT_NAME = "$(TARGET_NAME)";
				SWIFT_EMIT_LOC_STRINGS = NO;
				SWIFT_VERSION = 5.0;
				TARGETED_DEVICE_FAMILY = "1,2";
				TEST_HOST = "$(BUILT_PRODUCTS_DIR)/WeSplit.app/WeSplit";
			};
			name = Release;
		};
		C527A7F228FAA283005AAB0B /* Debug */ = {
			isa = XCBuildConfiguration;
			buildSettings = {
				ALWAYS_EMBED_SWIFT_STANDARD_LIBRARIES = YES;
				CODE_SIGN_STYLE = Automatic;
				CURRENT_PROJECT_VERSION = 1;
				DEVELOPMENT_TEAM = 4LD7WQ6CAY;
				GENERATE_INFOPLIST_FILE = YES;
				MARKETING_VERSION = 1.0;
				PRODUCT_BUNDLE_IDENTIFIER = com.tianhao.WeSplitUITests;
				PRODUCT_NAME = "$(TARGET_NAME)";
				SWIFT_EMIT_LOC_STRINGS = NO;
				SWIFT_VERSION = 5.0;
				TARGETED_DEVICE_FAMILY = "1,2";
				TEST_TARGET_NAME = WeSplit;
			};
			name = Debug;
		};
		C527A7F328FAA283005AAB0B /* Release */ = {
			isa = XCBuildConfiguration;
			buildSettings = {
				ALWAYS_EMBED_SWIFT_STANDARD_LIBRARIES = YES;
				CODE_SIGN_STYLE = Automatic;
				CURRENT_PROJECT_VERSION = 1;
				DEVELOPMENT_TEAM = 4LD7WQ6CAY;
				GENERATE_INFOPLIST_FILE = YES;
				MARKETING_VERSION = 1.0;
				PRODUCT_BUNDLE_IDENTIFIER = com.tianhao.WeSplitUITests;
				PRODUCT_NAME = "$(TARGET_NAME)";
				SWIFT_EMIT_LOC_STRINGS = NO;
				SWIFT_VERSION = 5.0;
				TARGETED_DEVICE_FAMILY = "1,2";
				TEST_TARGET_NAME = WeSplit;
			};
			name = Release;
		};
/* End XCBuildConfiguration section */

/* Begin XCConfigurationList section */
		C527A7C228FAA281005AAB0B /* Build configuration list for PBXProject "WeSplit" */ = {
			isa = XCConfigurationList;
			buildConfigurations = (
				C527A7E928FAA283005AAB0B /* Debug */,
				C527A7EA28FAA283005AAB0B /* Release */,
			);
			defaultConfigurationIsVisible = 0;
			defaultConfigurationName = Release;
		};
		C527A7EB28FAA283005AAB0B /* Build configuration list for PBXNativeTarget "WeSplit" */ = {
			isa = XCConfigurationList;
			buildConfigurations = (
				C527A7EC28FAA283005AAB0B /* Debug */,
				C527A7ED28FAA283005AAB0B /* Release */,
			);
			defaultConfigurationIsVisible = 0;
			defaultConfigurationName = Release;
		};
		C527A7EE28FAA283005AAB0B /* Build configuration list for PBXNativeTarget "WeSplitTests" */ = {
			isa = XCConfigurationList;
			buildConfigurations = (
				C527A7EF28FAA283005AAB0B /* Debug */,
				C527A7F028FAA283005AAB0B /* Release */,
			);
			defaultConfigurationIsVisible = 0;
			defaultConfigurationName = Release;
		};
		C527A7F128FAA283005AAB0B /* Build configuration list for PBXNativeTarget "WeSplitUITests" */ = {
			isa = XCConfigurationList;
			buildConfigurations = (
				C527A7F228FAA283005AAB0B /* Debug */,
				C527A7F328FAA283005AAB0B /* Release */,
			);
			defaultConfigurationIsVisible = 0;
			defaultConfigurationName = Release;
		};
/* End XCConfigurationList section */
	};
	rootObject = C527A7BF28FAA281005AAB0B /* Project object */;
}
