// !$*UTF8*$!
{
	archiveVersion = 1;
	classes = {
	};
	objectVersion = 56;
	objects = {

/* Begin PBXBuildFile section */
		C5E87E83293F1D53004712FA /* Order.swift in Sources */ = {isa = PBXBuildFile; fileRef = C5E87E82293F1D53004712FA /* Order.swift */; };
		C5E87E85293F298E004712FA /* AddressView.swift in Sources */ = {isa = PBXBuildFile; fileRef = C5E87E84293F298E004712FA /* AddressView.swift */; };
		C5E87E87293F2D0D004712FA /* CheckoutView.swift in Sources */ = {isa = PBXBuildFile; fileRef = C5E87E86293F2D0D004712FA /* CheckoutView.swift */; };
		C5FEDED3293D800300A61E77 /* CupcakeCornerApp.swift in Sources */ = {isa = PBXBuildFile; fileRef = C5FEDED2293D800300A61E77 /* CupcakeCornerApp.swift */; };
		C5FEDED5293D800300A61E77 /* ContentView.swift in Sources */ = {isa = PBXBuildFile; fileRef = C5FEDED4293D800300A61E77 /* ContentView.swift */; };
		C5FEDED7293D800500A61E77 /* Assets.xcassets in Resources */ = {isa = PBXBuildFile; fileRef = C5FEDED6293D800500A61E77 /* Assets.xcassets */; };
		C5FEDEDA293D800500A61E77 /* Preview Assets.xcassets in Resources */ = {isa = PBXBuildFile; fileRef = C5FEDED9293D800500A61E77 /* Preview Assets.xcassets */; };
		C5FEDEE4293D800500A61E77 /* CupcakeCornerTests.swift in Sources */ = {isa = PBXBuildFile; fileRef = C5FEDEE3293D800500A61E77 /* CupcakeCornerTests.swift */; };
		C5FEDEEE293D800500A61E77 /* CupcakeCornerUITests.swift in Sources */ = {isa = PBXBuildFile; fileRef = C5FEDEED293D800500A61E77 /* CupcakeCornerUITests.swift */; };
		C5FEDEF0293D800500A61E77 /* CupcakeCornerUITestsLaunchTests.swift in Sources */ = {isa = PBXBuildFile; fileRef = C5FEDEEF293D800500A61E77 /* CupcakeCornerUITestsLaunchTests.swift */; };
/* End PBXBuildFile section */

/* Begin PBXContainerItemProxy section */
		C5FEDEE0293D800500A61E77 /* PBXContainerItemProxy */ = {
			isa = PBXContainerItemProxy;
			containerPortal = C5FEDEC7293D800300A61E77 /* Project object */;
			proxyType = 1;
			remoteGlobalIDString = C5FEDECE293D800300A61E77;
			remoteInfo = CupcakeCorner;
		};
		C5FEDEEA293D800500A61E77 /* PBXContainerItemProxy */ = {
			isa = PBXContainerItemProxy;
			containerPortal = C5FEDEC7293D800300A61E77 /* Project object */;
			proxyType = 1;
			remoteGlobalIDString = C5FEDECE293D800300A61E77;
			remoteInfo = CupcakeCorner;
		};
/* End PBXContainerItemProxy section */

/* Begin PBXFileReference section */
		C5E87E82293F1D53004712FA /* Order.swift */ = {isa = PBXFileReference; lastKnownFileType = sourcecode.swift; path = Order.swift; sourceTree = "<group>"; };
		C5E87E84293F298E004712FA /* AddressView.swift */ = {isa = PBXFileReference; lastKnownFileType = sourcecode.swift; path = AddressView.swift; sourceTree = "<group>"; };
		C5E87E86293F2D0D004712FA /* CheckoutView.swift */ = {isa = PBXFileReference; lastKnownFileType = sourcecode.swift; path = CheckoutView.swift; sourceTree = "<group>"; };
		C5FEDECF293D800300A61E77 /* CupcakeCorner.app */ = {isa = PBXFileReference; explicitFileType = wrapper.application; includeInIndex = 0; path = CupcakeCorner.app; sourceTree = BUILT_PRODUCTS_DIR; };
		C5FEDED2293D800300A61E77 /* CupcakeCornerApp.swift */ = {isa = PBXFileReference; lastKnownFileType = sourcecode.swift; path = CupcakeCornerApp.swift; sourceTree = "<group>"; };
		C5FEDED4293D800300A61E77 /* ContentView.swift */ = {isa = PBXFileReference; lastKnownFileType = sourcecode.swift; path = ContentView.swift; sourceTree = "<group>"; };
		C5FEDED6293D800500A61E77 /* Assets.xcassets */ = {isa = PBXFileReference; lastKnownFileType = folder.assetcatalog; path = Assets.xcassets; sourceTree = "<group>"; };
		C5FEDED9293D800500A61E77 /* Preview Assets.xcassets */ = {isa = PBXFileReference; lastKnownFileType = folder.assetcatalog; path = "Preview Assets.xcassets"; sourceTree = "<group>"; };
		C5FEDEDF293D800500A61E77 /* CupcakeCornerTests.xctest */ = {isa = PBXFileReference; explicitFileType = wrapper.cfbundle; includeInIndex = 0; path = CupcakeCornerTests.xctest; sourceTree = BUILT_PRODUCTS_DIR; };
		C5FEDEE3293D800500A61E77 /* CupcakeCornerTests.swift */ = {isa = PBXFileReference; lastKnownFileType = sourcecode.swift; path = CupcakeCornerTests.swift; sourceTree = "<group>"; };
		C5FEDEE9293D800500A61E77 /* CupcakeCornerUITests.xctest */ = {isa = PBXFileReference; explicitFileType = wrapper.cfbundle; includeInIndex = 0; path = CupcakeCornerUITests.xctest; sourceTree = BUILT_PRODUCTS_DIR; };
		C5FEDEED293D800500A61E77 /* CupcakeCornerUITests.swift */ = {isa = PBXFileReference; lastKnownFileType = sourcecode.swift; path = CupcakeCornerUITests.swift; sourceTree = "<group>"; };
		C5FEDEEF293D800500A61E77 /* CupcakeCornerUITestsLaunchTests.swift */ = {isa = PBXFileReference; lastKnownFileType = sourcecode.swift; path = CupcakeCornerUITestsLaunchTests.swift; sourceTree = "<group>"; };
/* End PBXFileReference section */

/* Begin PBXFrameworksBuildPhase section */
		C5FEDECC293D800300A61E77 /* Frameworks */ = {
			isa = PBXFrameworksBuildPhase;
			buildActionMask = 2147483647;
			files = (
			);
			runOnlyForDeploymentPostprocessing = 0;
		};
		C5FEDEDC293D800500A61E77 /* Frameworks */ = {
			isa = PBXFrameworksBuildPhase;
			buildActionMask = 2147483647;
			files = (
			);
			runOnlyForDeploymentPostprocessing = 0;
		};
		C5FEDEE6293D800500A61E77 /* Frameworks */ = {
			isa = PBXFrameworksBuildPhase;
			buildActionMask = 2147483647;
			files = (
			);
			runOnlyForDeploymentPostprocessing = 0;
		};
/* End PBXFrameworksBuildPhase section */

/* Begin PBXGroup section */
		C5FEDEC6293D800300A61E77 = {
			isa = PBXGroup;
			children = (
				C5FEDED1293D800300A61E77 /* CupcakeCorner */,
				C5FEDEE2293D800500A61E77 /* CupcakeCornerTests */,
				C5FEDEEC293D800500A61E77 /* CupcakeCornerUITests */,
				C5FEDED0293D800300A61E77 /* Products */,
			);
			sourceTree = "<group>";
		};
		C5FEDED0293D800300A61E77 /* Products */ = {
			isa = PBXGroup;
			children = (
				C5FEDECF293D800300A61E77 /* CupcakeCorner.app */,
				C5FEDEDF293D800500A61E77 /* CupcakeCornerTests.xctest */,
				C5FEDEE9293D800500A61E77 /* CupcakeCornerUITests.xctest */,
			);
			name = Products;
			sourceTree = "<group>";
		};
		C5FEDED1293D800300A61E77 /* CupcakeCorner */ = {
			isa = PBXGroup;
			children = (
				C5FEDED2293D800300A61E77 /* CupcakeCornerApp.swift */,
				C5FEDED4293D800300A61E77 /* ContentView.swift */,
				C5E87E84293F298E004712FA /* AddressView.swift */,
				C5E87E86293F2D0D004712FA /* CheckoutView.swift */,
				C5E87E82293F1D53004712FA /* Order.swift */,
				C5FEDED6293D800500A61E77 /* Assets.xcassets */,
				C5FEDED8293D800500A61E77 /* Preview Content */,
			);
			path = CupcakeCorner;
			sourceTree = "<group>";
		};
		C5FEDED8293D800500A61E77 /* Preview Content */ = {
			isa = PBXGroup;
			children = (
				C5FEDED9293D800500A61E77 /* Preview Assets.xcassets */,
			);
			path = "Preview Content";
			sourceTree = "<group>";
		};
		C5FEDEE2293D800500A61E77 /* CupcakeCornerTests */ = {
			isa = PBXGroup;
			children = (
				C5FEDEE3293D800500A61E77 /* CupcakeCornerTests.swift */,
			);
			path = CupcakeCornerTests;
			sourceTree = "<group>";
		};
		C5FEDEEC293D800500A61E77 /* CupcakeCornerUITests */ = {
			isa = PBXGroup;
			children = (
				C5FEDEED293D800500A61E77 /* CupcakeCornerUITests.swift */,
				C5FEDEEF293D800500A61E77 /* CupcakeCornerUITestsLaunchTests.swift */,
			);
			path = CupcakeCornerUITests;
			sourceTree = "<group>";
		};
/* End PBXGroup section */

/* Begin PBXNativeTarget section */
		C5FEDECE293D800300A61E77 /* CupcakeCorner */ = {
			isa = PBXNativeTarget;
			buildConfigurationList = C5FEDEF3293D800500A61E77 /* Build configuration list for PBXNativeTarget "CupcakeCorner" */;
			buildPhases = (
				C5FEDECB293D800300A61E77 /* Sources */,
				C5FEDECC293D800300A61E77 /* Frameworks */,
				C5FEDECD293D800300A61E77 /* Resources */,
			);
			buildRules = (
			);
			dependencies = (
			);
			name = CupcakeCorner;
			productName = CupcakeCorner;
			productReference = C5FEDECF293D800300A61E77 /* CupcakeCorner.app */;
			productType = "com.apple.product-type.application";
		};
		C5FEDEDE293D800500A61E77 /* CupcakeCornerTests */ = {
			isa = PBXNativeTarget;
			buildConfigurationList = C5FEDEF6293D800500A61E77 /* Build configuration list for PBXNativeTarget "CupcakeCornerTests" */;
			buildPhases = (
				C5FEDEDB293D800500A61E77 /* Sources */,
				C5FEDEDC293D800500A61E77 /* Frameworks */,
				C5FEDEDD293D800500A61E77 /* Resources */,
			);
			buildRules = (
			);
			dependencies = (
				C5FEDEE1293D800500A61E77 /* PBXTargetDependency */,
			);
			name = CupcakeCornerTests;
			productName = CupcakeCornerTests;
			productReference = C5FEDEDF293D800500A61E77 /* CupcakeCornerTests.xctest */;
			productType = "com.apple.product-type.bundle.unit-test";
		};
		C5FEDEE8293D800500A61E77 /* CupcakeCornerUITests */ = {
			isa = PBXNativeTarget;
			buildConfigurationList = C5FEDEF9293D800500A61E77 /* Build configuration list for PBXNativeTarget "CupcakeCornerUITests" */;
			buildPhases = (
				C5FEDEE5293D800500A61E77 /* Sources */,
				C5FEDEE6293D800500A61E77 /* Frameworks */,
				C5FEDEE7293D800500A61E77 /* Resources */,
			);
			buildRules = (
			);
			dependencies = (
				C5FEDEEB293D800500A61E77 /* PBXTargetDependency */,
			);
			name = CupcakeCornerUITests;
			productName = CupcakeCornerUITests;
			productReference = C5FEDEE9293D800500A61E77 /* CupcakeCornerUITests.xctest */;
			productType = "com.apple.product-type.bundle.ui-testing";
		};
/* End PBXNativeTarget section */

/* Begin PBXProject section */
		C5FEDEC7293D800300A61E77 /* Project object */ = {
			isa = PBXProject;
			attributes = {
				BuildIndependentTargetsInParallel = 1;
				LastSwiftUpdateCheck = 1400;
				LastUpgradeCheck = 1400;
				TargetAttributes = {
					C5FEDECE293D800300A61E77 = {
						CreatedOnToolsVersion = 14.0.1;
					};
					C5FEDEDE293D800500A61E77 = {
						CreatedOnToolsVersion = 14.0.1;
						TestTargetID = C5FEDECE293D800300A61E77;
					};
					C5FEDEE8293D800500A61E77 = {
						CreatedOnToolsVersion = 14.0.1;
						TestTargetID = C5FEDECE293D800300A61E77;
					};
				};
			};
			buildConfigurationList = C5FEDECA293D800300A61E77 /* Build configuration list for PBXProject "CupcakeCorner" */;
			compatibilityVersion = "Xcode 14.0";
			developmentRegion = en;
			hasScannedForEncodings = 0;
			knownRegions = (
				en,
				Base,
			);
			mainGroup = C5FEDEC6293D800300A61E77;
			productRefGroup = C5FEDED0293D800300A61E77 /* Products */;
			projectDirPath = "";
			projectRoot = "";
			targets = (
				C5FEDECE293D800300A61E77 /* CupcakeCorner */,
				C5FEDEDE293D800500A61E77 /* CupcakeCornerTests */,
				C5FEDEE8293D800500A61E77 /* CupcakeCornerUITests */,
			);
		};
/* End PBXProject section */

/* Begin PBXResourcesBuildPhase section */
		C5FEDECD293D800300A61E77 /* Resources */ = {
			isa = PBXResourcesBuildPhase;
			buildActionMask = 2147483647;
			files = (
				C5FEDEDA293D800500A61E77 /* Preview Assets.xcassets in Resources */,
				C5FEDED7293D800500A61E77 /* Assets.xcassets in Resources */,
			);
			runOnlyForDeploymentPostprocessing = 0;
		};
		C5FEDEDD293D800500A61E77 /* Resources */ = {
			isa = PBXResourcesBuildPhase;
			buildActionMask = 2147483647;
			files = (
			);
			runOnlyForDeploymentPostprocessing = 0;
		};
		C5FEDEE7293D800500A61E77 /* Resources */ = {
			isa = PBXResourcesBuildPhase;
			buildActionMask = 2147483647;
			files = (
			);
			runOnlyForDeploymentPostprocessing = 0;
		};
/* End PBXResourcesBuildPhase section */

/* Begin PBXSourcesBuildPhase section */
		C5FEDECB293D800300A61E77 /* Sources */ = {
			isa = PBXSourcesBuildPhase;
			buildActionMask = 2147483647;
			files = (
				C5E87E83293F1D53004712FA /* Order.swift in Sources */,
				C5E87E85293F298E004712FA /* AddressView.swift in Sources */,
				C5E87E87293F2D0D004712FA /* CheckoutView.swift in Sources */,
				C5FEDED5293D800300A61E77 /* ContentView.swift in Sources */,
				C5FEDED3293D800300A61E77 /* CupcakeCornerApp.swift in Sources */,
			);
			runOnlyForDeploymentPostprocessing = 0;
		};
		C5FEDEDB293D800500A61E77 /* Sources */ = {
			isa = PBXSourcesBuildPhase;
			buildActionMask = 2147483647;
			files = (
				C5FEDEE4293D800500A61E77 /* CupcakeCornerTests.swift in Sources */,
			);
			runOnlyForDeploymentPostprocessing = 0;
		};
		C5FEDEE5293D800500A61E77 /* Sources */ = {
			isa = PBXSourcesBuildPhase;
			buildActionMask = 2147483647;
			files = (
				C5FEDEF0293D800500A61E77 /* CupcakeCornerUITestsLaunchTests.swift in Sources */,
				C5FEDEEE293D800500A61E77 /* CupcakeCornerUITests.swift in Sources */,
			);
			runOnlyForDeploymentPostprocessing = 0;
		};
/* End PBXSourcesBuildPhase section */

/* Begin PBXTargetDependency section */
		C5FEDEE1293D800500A61E77 /* PBXTargetDependency */ = {
			isa = PBXTargetDependency;
			target = C5FEDECE293D800300A61E77 /* CupcakeCorner */;
			targetProxy = C5FEDEE0293D800500A61E77 /* PBXContainerItemProxy */;
		};
		C5FEDEEB293D800500A61E77 /* PBXTargetDependency */ = {
			isa = PBXTargetDependency;
			target = C5FEDECE293D800300A61E77 /* CupcakeCorner */;
			targetProxy = C5FEDEEA293D800500A61E77 /* PBXContainerItemProxy */;
		};
/* End PBXTargetDependency section */

/* Begin XCBuildConfiguration section */
		C5FEDEF1293D800500A61E77 /* Debug */ = {
			isa = XCBuildConfiguration;
			buildSettings = {
				ALWAYS_SEARCH_USER_PATHS = NO;
				CLANG_ANALYZER_NONNULL = YES;
				CLANG_ANALYZER_NUMBER_OBJECT_CONVERSION = YES_AGGRESSIVE;
				CLANG_CXX_LANGUAGE_STANDARD = "gnu++20";
				CLANG_ENABLE_MODULES = YES;
				CLANG_ENABLE_OBJC_ARC = YES;
				CLANG_ENABLE_OBJC_WEAK = YES;
				CLANG_WARN_BLOCK_CAPTURE_AUTORELEASING = YES;
				CLANG_WARN_BOOL_CONVERSION = YES;
				CLANG_WARN_COMMA = YES;
				CLANG_WARN_CONSTANT_CONVERSION = YES;
				CLANG_WARN_DEPRECATED_OBJC_IMPLEMENTATIONS = YES;
				CLANG_WARN_DIRECT_OBJC_ISA_USAGE = YES_ERROR;
				CLANG_WARN_DOCUMENTATION_COMMENTS = YES;
				CLANG_WARN_EMPTY_BODY = YES;
				CLANG_WARN_ENUM_CONVERSION = YES;
				CLANG_WARN_INFINITE_RECURSION = YES;
				CLANG_WARN_INT_CONVERSION = YES;
				CLANG_WARN_NON_LITERAL_NULL_CONVERSION = YES;
				CLANG_WARN_OBJC_IMPLICIT_RETAIN_SELF = YES;
				CLANG_WARN_OBJC_LITERAL_CONVERSION = YES;
				CLANG_WARN_OBJC_ROOT_CLASS = YES_ERROR;
				CLANG_WARN_QUOTED_INCLUDE_IN_FRAMEWORK_HEADER = YES;
				CLANG_WARN_RANGE_LOOP_ANALYSIS = YES;
				CLANG_WARN_STRICT_PROTOTYPES = YES;
				CLANG_WARN_SUSPICIOUS_MOVE = YES;
				CLANG_WARN_UNGUARDED_AVAILABILITY = YES_AGGRESSIVE;
				CLANG_WARN_UNREACHABLE_CODE = YES;
				CLANG_WARN__DUPLICATE_METHOD_MATCH = YES;
				COPY_PHASE_STRIP = NO;
				DEBUG_INFORMATION_FORMAT = dwarf;
				ENABLE_STRICT_OBJC_MSGSEND = YES;
				ENABLE_TESTABILITY = YES;
				GCC_C_LANGUAGE_STANDARD = gnu11;
				GCC_DYNAMIC_NO_PIC = NO;
				GCC_NO_COMMON_BLOCKS = YES;
				GCC_OPTIMIZATION_LEVEL = 0;
				GCC_PREPROCESSOR_DEFINITIONS = (
					"DEBUG=1",
					"$(inherited)",
				);
				GCC_WARN_64_TO_32_BIT_CONVERSION = YES;
				GCC_WARN_ABOUT_RETURN_TYPE = YES_ERROR;
				GCC_WARN_UNDECLARED_SELECTOR = YES;
				GCC_WARN_UNINITIALIZED_AUTOS = YES_AGGRESSIVE;
				GCC_WARN_UNUSED_FUNCTION = YES;
				GCC_WARN_UNUSED_VARIABLE = YES;
				IPHONEOS_DEPLOYMENT_TARGET = 15.0;
				MTL_ENABLE_DEBUG_INFO = INCLUDE_SOURCE;
				MTL_FAST_MATH = YES;
				ONLY_ACTIVE_ARCH = YES;
				SDKROOT = iphoneos;
				SWIFT_ACTIVE_COMPILATION_CONDITIONS = DEBUG;
				SWIFT_OPTIMIZATION_LEVEL = "-Onone";
			};
			name = Debug;
		};
		C5FEDEF2293D800500A61E77 /* Release */ = {
			isa = XCBuildConfiguration;
			buildSettings = {
				ALWAYS_SEARCH_USER_PATHS = NO;
				CLANG_ANALYZER_NONNULL = YES;
				CLANG_ANALYZER_NUMBER_OBJECT_CONVERSION = YES_AGGRESSIVE;
				CLANG_CXX_LANGUAGE_STANDARD = "gnu++20";
				CLANG_ENABLE_MODULES = YES;
				CLANG_ENABLE_OBJC_ARC = YES;
				CLANG_ENABLE_OBJC_WEAK = YES;
				CLANG_WARN_BLOCK_CAPTURE_AUTORELEASING = YES;
				CLANG_WARN_BOOL_CONVERSION = YES;
				CLANG_WARN_COMMA = YES;
				CLANG_WARN_CONSTANT_CONVERSION = YES;
				CLANG_WARN_DEPRECATED_OBJC_IMPLEMENTATIONS = YES;
				CLANG_WARN_DIRECT_OBJC_ISA_USAGE = YES_ERROR;
				CLANG_WARN_DOCUMENTATION_COMMENTS = YES;
				CLANG_WARN_EMPTY_BODY = YES;
				CLANG_WARN_ENUM_CONVERSION = YES;
				CLANG_WARN_INFINITE_RECURSION = YES;
				CLANG_WARN_INT_CONVERSION = YES;
				CLANG_WARN_NON_LITERAL_NULL_CONVERSION = YES;
				CLANG_WARN_OBJC_IMPLICIT_RETAIN_SELF = YES;
				CLANG_WARN_OBJC_LITERAL_CONVERSION = YES;
				CLANG_WARN_OBJC_ROOT_CLASS = YES_ERROR;
				CLANG_WARN_QUOTED_INCLUDE_IN_FRAMEWORK_HEADER = YES;
				CLANG_WARN_RANGE_LOOP_ANALYSIS = YES;
				CLANG_WARN_STRICT_PROTOTYPES = YES;
				CLANG_WARN_SUSPICIOUS_MOVE = YES;
				CLANG_WARN_UNGUARDED_AVAILABILITY = YES_AGGRESSIVE;
				CLANG_WARN_UNREACHABLE_CODE = YES;
				CLANG_WARN__DUPLICATE_METHOD_MATCH = YES;
				COPY_PHASE_STRIP = NO;
				DEBUG_INFORMATION_FORMAT = "dwarf-with-dsym";
				ENABLE_NS_ASSERTIONS = NO;
				ENABLE_STRICT_OBJC_MSGSEND = YES;
				GCC_C_LANGUAGE_STANDARD = gnu11;
				GCC_NO_COMMON_BLOCKS = YES;
				GCC_WARN_64_TO_32_BIT_CONVERSION = YES;
				GCC_WARN_ABOUT_RETURN_TYPE = YES_ERROR;
				GCC_WARN_UNDECLARED_SELECTOR = YES;
				GCC_WARN_UNINITIALIZED_AUTOS = YES_AGGRESSIVE;
				GCC_WARN_UNUSED_FUNCTION = YES;
				GCC_WARN_UNUSED_VARIABLE = YES;
				IPHONEOS_DEPLOYMENT_TARGET = 15.0;
				MTL_ENABLE_DEBUG_INFO = NO;
				MTL_FAST_MATH = YES;
				SDKROOT = iphoneos;
				SWIFT_COMPILATION_MODE = wholemodule;
				SWIFT_OPTIMIZATION_LEVEL = "-O";
				VALIDATE_PRODUCT = YES;
			};
			name = Release;
		};
		C5FEDEF4293D800500A61E77 /* Debug */ = {
			isa = XCBuildConfiguration;
			buildSettings = {
				ASSETCATALOG_COMPILER_APPICON_NAME = AppIcon;
				ASSETCATALOG_COMPILER_GLOBAL_ACCENT_COLOR_NAME = AccentColor;
				CODE_SIGN_STYLE = Automatic;
				CURRENT_PROJECT_VERSION = 1;
				DEVELOPMENT_ASSET_PATHS = "\"CupcakeCorner/Preview Content\"";
				DEVELOPMENT_TEAM = 4LD7WQ6CAY;
				ENABLE_PREVIEWS = YES;
				GENERATE_INFOPLIST_FILE = YES;
				INFOPLIST_KEY_UIApplicationSceneManifest_Generation = YES;
				INFOPLIST_KEY_UIApplicationSupportsIndirectInputEvents = YES;
				INFOPLIST_KEY_UILaunchScreen_Generation = YES;
				INFOPLIST_KEY_UISupportedInterfaceOrientations_iPad = "UIInterfaceOrientationPortrait UIInterfaceOrientationPortraitUpsideDown UIInterfaceOrientationLandscapeLeft UIInterfaceOrientationLandscapeRight";
				INFOPLIST_KEY_UISupportedInterfaceOrientations_iPhone = "UIInterfaceOrientationPortrait UIInterfaceOrientationLandscapeLeft UIInterfaceOrientationLandscapeRight";
				IPHONEOS_DEPLOYMENT_TARGET = 15.0;
				LD_RUNPATH_SEARCH_PATHS = (
					"$(inherited)",
					"@executable_path/Frameworks",
				);
				MARKETING_VERSION = 1.0;
				PRODUCT_BUNDLE_IDENTIFIER = com.tianhao.CupcakeCorner;
				PRODUCT_NAME = "$(TARGET_NAME)";
				SWIFT_EMIT_LOC_STRINGS = YES;
				SWIFT_VERSION = 5.0;
				TARGETED_DEVICE_FAMILY = "1,2";
			};
			name = Debug;
		};
		C5FEDEF5293D800500A61E77 /* Release */ = {
			isa = XCBuildConfiguration;
			buildSettings = {
				ASSETCATALOG_COMPILER_APPICON_NAME = AppIcon;
				ASSETCATALOG_COMPILER_GLOBAL_ACCENT_COLOR_NAME = AccentColor;
				CODE_SIGN_STYLE = Automatic;
				CURRENT_PROJECT_VERSION = 1;
				DEVELOPMENT_ASSET_PATHS = "\"CupcakeCorner/Preview Content\"";
				DEVELOPMENT_TEAM = 4LD7WQ6CAY;
				ENABLE_PREVIEWS = YES;
				GENERATE_INFOPLIST_FILE = YES;
				INFOPLIST_KEY_UIApplicationSceneManifest_Generation = YES;
				INFOPLIST_KEY_UIApplicationSupportsIndirectInputEvents = YES;
				INFOPLIST_KEY_UILaunchScreen_Generation = YES;
				INFOPLIST_KEY_UISupportedInterfaceOrientations_iPad = "UIInterfaceOrientationPortrait UIInterfaceOrientationPortraitUpsideDown UIInterfaceOrientationLandscapeLeft UIInterfaceOrientationLandscapeRight";
				INFOPLIST_KEY_UISupportedInterfaceOrientations_iPhone = "UIInterfaceOrientationPortrait UIInterfaceOrientationLandscapeLeft UIInterfaceOrientationLandscapeRight";
				IPHONEOS_DEPLOYMENT_TARGET = 15.0;
				LD_RUNPATH_SEARCH_PATHS = (
					"$(inherited)",
					"@executable_path/Frameworks",
				);
				MARKETING_VERSION = 1.0;
				PRODUCT_BUNDLE_IDENTIFIER = com.tianhao.CupcakeCorner;
				PRODUCT_NAME = "$(TARGET_NAME)";
				SWIFT_EMIT_LOC_STRINGS = YES;
				SWIFT_VERSION = 5.0;
				TARGETED_DEVICE_FAMILY = "1,2";
			};
			name = Release;
		};
		C5FEDEF7293D800500A61E77 /* Debug */ = {
			isa = XCBuildConfiguration;
			buildSettings = {
				ALWAYS_EMBED_SWIFT_STANDARD_LIBRARIES = YES;
				BUNDLE_LOADER = "$(TEST_HOST)";
				CODE_SIGN_STYLE = Automatic;
				CURRENT_PROJECT_VERSION = 1;
				DEVELOPMENT_TEAM = 4LD7WQ6CAY;
				GENERATE_INFOPLIST_FILE = YES;
				IPHONEOS_DEPLOYMENT_TARGET = 16.0;
				MARKETING_VERSION = 1.0;
				PRODUCT_BUNDLE_IDENTIFIER = com.tianhao.CupcakeCornerTests;
				PRODUCT_NAME = "$(TARGET_NAME)";
				SWIFT_EMIT_LOC_STRINGS = NO;
				SWIFT_VERSION = 5.0;
				TARGETED_DEVICE_FAMILY = "1,2";
				TEST_HOST = "$(BUILT_PRODUCTS_DIR)/CupcakeCorner.app/$(BUNDLE_EXECUTABLE_FOLDER_PATH)/CupcakeCorner";
			};
			name = Debug;
		};
		C5FEDEF8293D800500A61E77 /* Release */ = {
			isa = XCBuildConfiguration;
			buildSettings = {
				ALWAYS_EMBED_SWIFT_STANDARD_LIBRARIES = YES;
				BUNDLE_LOADER = "$(TEST_HOST)";
				CODE_SIGN_STYLE = Automatic;
				CURRENT_PROJECT_VERSION = 1;
				DEVELOPMENT_TEAM = 4LD7WQ6CAY;
				GENERATE_INFOPLIST_FILE = YES;
				IPHONEOS_DEPLOYMENT_TARGET = 16.0;
				MARKETING_VERSION = 1.0;
				PRODUCT_BUNDLE_IDENTIFIER = com.tianhao.CupcakeCornerTests;
				PRODUCT_NAME = "$(TARGET_NAME)";
				SWIFT_EMIT_LOC_STRINGS = NO;
				SWIFT_VERSION = 5.0;
				TARGETED_DEVICE_FAMILY = "1,2";
				TEST_HOST = "$(BUILT_PRODUCTS_DIR)/CupcakeCorner.app/$(BUNDLE_EXECUTABLE_FOLDER_PATH)/CupcakeCorner";
			};
			name = Release;
		};
		C5FEDEFA293D800500A61E77 /* Debug */ = {
			isa = XCBuildConfiguration;
			buildSettings = {
				ALWAYS_EMBED_SWIFT_STANDARD_LIBRARIES = YES;
				CODE_SIGN_STYLE = Automatic;
				CURRENT_PROJECT_VERSION = 1;
				DEVELOPMENT_TEAM = 4LD7WQ6CAY;
				GENERATE_INFOPLIST_FILE = YES;
				MARKETING_VERSION = 1.0;
				PRODUCT_BUNDLE_IDENTIFIER = com.tianhao.CupcakeCornerUITests;
				PRODUCT_NAME = "$(TARGET_NAME)";
				SWIFT_EMIT_LOC_STRINGS = NO;
				SWIFT_VERSION = 5.0;
				TARGETED_DEVICE_FAMILY = "1,2";
				TEST_TARGET_NAME = CupcakeCorner;
			};
			name = Debug;
		};
		C5FEDEFB293D800500A61E77 /* Release */ = {
			isa = XCBuildConfiguration;
			buildSettings = {
				ALWAYS_EMBED_SWIFT_STANDARD_LIBRARIES = YES;
				CODE_SIGN_STYLE = Automatic;
				CURRENT_PROJECT_VERSION = 1;
				DEVELOPMENT_TEAM = 4LD7WQ6CAY;
				GENERATE_INFOPLIST_FILE = YES;
				MARKETING_VERSION = 1.0;
				PRODUCT_BUNDLE_IDENTIFIER = com.tianhao.CupcakeCornerUITests;
				PRODUCT_NAME = "$(TARGET_NAME)";
				SWIFT_EMIT_LOC_STRINGS = NO;
				SWIFT_VERSION = 5.0;
				TARGETED_DEVICE_FAMILY = "1,2";
				TEST_TARGET_NAME = CupcakeCorner;
			};
			name = Release;
		};
/* End XCBuildConfiguration section */

/* Begin XCConfigurationList section */
		C5FEDECA293D800300A61E77 /* Build configuration list for PBXProject "CupcakeCorner" */ = {
			isa = XCConfigurationList;
			buildConfigurations = (
				C5FEDEF1293D800500A61E77 /* Debug */,
				C5FEDEF2293D800500A61E77 /* Release */,
			);
			defaultConfigurationIsVisible = 0;
			defaultConfigurationName = Release;
		};
		C5FEDEF3293D800500A61E77 /* Build configuration list for PBXNativeTarget "CupcakeCorner" */ = {
			isa = XCConfigurationList;
			buildConfigurations = (
				C5FEDEF4293D800500A61E77 /* Debug */,
				C5FEDEF5293D800500A61E77 /* Release */,
			);
			defaultConfigurationIsVisible = 0;
			defaultConfigurationName = Release;
		};
		C5FEDEF6293D800500A61E77 /* Build configuration list for PBXNativeTarget "CupcakeCornerTests" */ = {
			isa = XCConfigurationList;
			buildConfigurations = (
				C5FEDEF7293D800500A61E77 /* Debug */,
				C5FEDEF8293D800500A61E77 /* Release */,
			);
			defaultConfigurationIsVisible = 0;
			defaultConfigurationName = Release;
		};
		C5FEDEF9293D800500A61E77 /* Build configuration list for PBXNativeTarget "CupcakeCornerUITests" */ = {
			isa = XCConfigurationList;
			buildConfigurations = (
				C5FEDEFA293D800500A61E77 /* Debug */,
				C5FEDEFB293D800500A61E77 /* Release */,
			);
			defaultConfigurationIsVisible = 0;
			defaultConfigurationName = Release;
		};
/* End XCConfigurationList section */
	};
	rootObject = C5FEDEC7293D800300A61E77 /* Project object */;
}
