// !$*UTF8*$!
{
	archiveVersion = 1;
	classes = {
	};
	objectVersion = 56;
	objects = {

/* Begin PBXBuildFile section */
		C563F544292CADA80063F906 /* ColorCyclingView.swift in Sources */ = {isa = PBXBuildFile; fileRef = C563F543292CADA80063F906 /* ColorCyclingView.swift */; };
		C563F546292CB3AA0063F906 /* TrapezoidView.swift in Sources */ = {isa = PBXBuildFile; fileRef = C563F545292CB3AA0063F906 /* TrapezoidView.swift */; };
		C5AC3B6F292789EF00ED0720 /* DrawingApp.swift in Sources */ = {isa = PBXBuildFile; fileRef = C5AC3B6E292789EF00ED0720 /* DrawingApp.swift */; };
		C5AC3B71292789EF00ED0720 /* FlowerView.swift in Sources */ = {isa = PBXBuildFile; fileRef = C5AC3B70292789EF00ED0720 /* FlowerView.swift */; };
		C5AC3B73292789F100ED0720 /* Assets.xcassets in Resources */ = {isa = PBXBuildFile; fileRef = C5AC3B72292789F100ED0720 /* Assets.xcassets */; };
		C5AC3B76292789F100ED0720 /* Preview Assets.xcassets in Resources */ = {isa = PBXBuildFile; fileRef = C5AC3B75292789F100ED0720 /* Preview Assets.xcassets */; };
		C5AC3B80292789F100ED0720 /* DrawingTests.swift in Sources */ = {isa = PBXBuildFile; fileRef = C5AC3B7F292789F100ED0720 /* DrawingTests.swift */; };
		C5AC3B8A292789F100ED0720 /* DrawingUITests.swift in Sources */ = {isa = PBXBuildFile; fileRef = C5AC3B89292789F100ED0720 /* DrawingUITests.swift */; };
		C5AC3B8C292789F100ED0720 /* DrawingUITestsLaunchTests.swift in Sources */ = {isa = PBXBuildFile; fileRef = C5AC3B8B292789F100ED0720 /* DrawingUITestsLaunchTests.swift */; };
/* End PBXBuildFile section */

/* Begin PBXContainerItemProxy section */
		C5AC3B7C292789F100ED0720 /* PBXContainerItemProxy */ = {
			isa = PBXContainerItemProxy;
			containerPortal = C5AC3B63292789EF00ED0720 /* Project object */;
			proxyType = 1;
			remoteGlobalIDString = C5AC3B6A292789EF00ED0720;
			remoteInfo = Drawing;
		};
		C5AC3B86292789F100ED0720 /* PBXContainerItemProxy */ = {
			isa = PBXContainerItemProxy;
			containerPortal = C5AC3B63292789EF00ED0720 /* Project object */;
			proxyType = 1;
			remoteGlobalIDString = C5AC3B6A292789EF00ED0720;
			remoteInfo = Drawing;
		};
/* End PBXContainerItemProxy section */

/* Begin PBXFileReference section */
		C563F543292CADA80063F906 /* ColorCyclingView.swift */ = {isa = PBXFileReference; lastKnownFileType = sourcecode.swift; path = ColorCyclingView.swift; sourceTree = "<group>"; };
		C563F545292CB3AA0063F906 /* TrapezoidView.swift */ = {isa = PBXFileReference; lastKnownFileType = sourcecode.swift; path = TrapezoidView.swift; sourceTree = "<group>"; };
		C5AC3B6B292789EF00ED0720 /* Drawing.app */ = {isa = PBXFileReference; explicitFileType = wrapper.application; includeInIndex = 0; path = Drawing.app; sourceTree = BUILT_PRODUCTS_DIR; };
		C5AC3B6E292789EF00ED0720 /* DrawingApp.swift */ = {isa = PBXFileReference; lastKnownFileType = sourcecode.swift; path = DrawingApp.swift; sourceTree = "<group>"; };
		C5AC3B70292789EF00ED0720 /* FlowerView.swift */ = {isa = PBXFileReference; lastKnownFileType = sourcecode.swift; path = FlowerView.swift; sourceTree = "<group>"; };
		C5AC3B72292789F100ED0720 /* Assets.xcassets */ = {isa = PBXFileReference; lastKnownFileType = folder.assetcatalog; path = Assets.xcassets; sourceTree = "<group>"; };
		C5AC3B75292789F100ED0720 /* Preview Assets.xcassets */ = {isa = PBXFileReference; lastKnownFileType = folder.assetcatalog; path = "Preview Assets.xcassets"; sourceTree = "<group>"; };
		C5AC3B7B292789F100ED0720 /* DrawingTests.xctest */ = {isa = PBXFileReference; explicitFileType = wrapper.cfbundle; includeInIndex = 0; path = DrawingTests.xctest; sourceTree = BUILT_PRODUCTS_DIR; };
		C5AC3B7F292789F100ED0720 /* DrawingTests.swift */ = {isa = PBXFileReference; lastKnownFileType = sourcecode.swift; path = DrawingTests.swift; sourceTree = "<group>"; };
		C5AC3B85292789F100ED0720 /* DrawingUITests.xctest */ = {isa = PBXFileReference; explicitFileType = wrapper.cfbundle; includeInIndex = 0; path = DrawingUITests.xctest; sourceTree = BUILT_PRODUCTS_DIR; };
		C5AC3B89292789F100ED0720 /* DrawingUITests.swift */ = {isa = PBXFileReference; lastKnownFileType = sourcecode.swift; path = DrawingUITests.swift; sourceTree = "<group>"; };
		C5AC3B8B292789F100ED0720 /* DrawingUITestsLaunchTests.swift */ = {isa = PBXFileReference; lastKnownFileType = sourcecode.swift; path = DrawingUITestsLaunchTests.swift; sourceTree = "<group>"; };
/* End PBXFileReference section */

/* Begin PBXFrameworksBuildPhase section */
		C5AC3B68292789EF00ED0720 /* Frameworks */ = {
			isa = PBXFrameworksBuildPhase;
			buildActionMask = 2147483647;
			files = (
			);
			runOnlyForDeploymentPostprocessing = 0;
		};
		C5AC3B78292789F100ED0720 /* Frameworks */ = {
			isa = PBXFrameworksBuildPhase;
			buildActionMask = 2147483647;
			files = (
			);
			runOnlyForDeploymentPostprocessing = 0;
		};
		C5AC3B82292789F100ED0720 /* Frameworks */ = {
			isa = PBXFrameworksBuildPhase;
			buildActionMask = 2147483647;
			files = (
			);
			runOnlyForDeploymentPostprocessing = 0;
		};
/* End PBXFrameworksBuildPhase section */

/* Begin PBXGroup section */
		C5AC3B62292789EF00ED0720 = {
			isa = PBXGroup;
			children = (
				C5AC3B6D292789EF00ED0720 /* Drawing */,
				C5AC3B7E292789F100ED0720 /* DrawingTests */,
				C5AC3B88292789F100ED0720 /* DrawingUITests */,
				C5AC3B6C292789EF00ED0720 /* Products */,
			);
			sourceTree = "<group>";
		};
		C5AC3B6C292789EF00ED0720 /* Products */ = {
			isa = PBXGroup;
			children = (
				C5AC3B6B292789EF00ED0720 /* Drawing.app */,
				C5AC3B7B292789F100ED0720 /* DrawingTests.xctest */,
				C5AC3B85292789F100ED0720 /* DrawingUITests.xctest */,
			);
			name = Products;
			sourceTree = "<group>";
		};
		C5AC3B6D292789EF00ED0720 /* Drawing */ = {
			isa = PBXGroup;
			children = (
				C5AC3B6E292789EF00ED0720 /* DrawingApp.swift */,
				C5AC3B70292789EF00ED0720 /* FlowerView.swift */,
				C563F543292CADA80063F906 /* ColorCyclingView.swift */,
				C563F545292CB3AA0063F906 /* TrapezoidView.swift */,
				C5AC3B72292789F100ED0720 /* Assets.xcassets */,
				C5AC3B74292789F100ED0720 /* Preview Content */,
			);
			path = Drawing;
			sourceTree = "<group>";
		};
		C5AC3B74292789F100ED0720 /* Preview Content */ = {
			isa = PBXGroup;
			children = (
				C5AC3B75292789F100ED0720 /* Preview Assets.xcassets */,
			);
			path = "Preview Content";
			sourceTree = "<group>";
		};
		C5AC3B7E292789F100ED0720 /* DrawingTests */ = {
			isa = PBXGroup;
			children = (
				C5AC3B7F292789F100ED0720 /* DrawingTests.swift */,
			);
			path = DrawingTests;
			sourceTree = "<group>";
		};
		C5AC3B88292789F100ED0720 /* DrawingUITests */ = {
			isa = PBXGroup;
			children = (
				C5AC3B89292789F100ED0720 /* DrawingUITests.swift */,
				C5AC3B8B292789F100ED0720 /* DrawingUITestsLaunchTests.swift */,
			);
			path = DrawingUITests;
			sourceTree = "<group>";
		};
/* End PBXGroup section */

/* Begin PBXNativeTarget section */
		C5AC3B6A292789EF00ED0720 /* Drawing */ = {
			isa = PBXNativeTarget;
			buildConfigurationList = C5AC3B8F292789F100ED0720 /* Build configuration list for PBXNativeTarget "Drawing" */;
			buildPhases = (
				C5AC3B67292789EF00ED0720 /* Sources */,
				C5AC3B68292789EF00ED0720 /* Frameworks */,
				C5AC3B69292789EF00ED0720 /* Resources */,
			);
			buildRules = (
			);
			dependencies = (
			);
			name = Drawing;
			productName = Drawing;
			productReference = C5AC3B6B292789EF00ED0720 /* Drawing.app */;
			productType = "com.apple.product-type.application";
		};
		C5AC3B7A292789F100ED0720 /* DrawingTests */ = {
			isa = PBXNativeTarget;
			buildConfigurationList = C5AC3B92292789F100ED0720 /* Build configuration list for PBXNativeTarget "DrawingTests" */;
			buildPhases = (
				C5AC3B77292789F100ED0720 /* Sources */,
				C5AC3B78292789F100ED0720 /* Frameworks */,
				C5AC3B79292789F100ED0720 /* Resources */,
			);
			buildRules = (
			);
			dependencies = (
				C5AC3B7D292789F100ED0720 /* PBXTargetDependency */,
			);
			name = DrawingTests;
			productName = DrawingTests;
			productReference = C5AC3B7B292789F100ED0720 /* DrawingTests.xctest */;
			productType = "com.apple.product-type.bundle.unit-test";
		};
		C5AC3B84292789F100ED0720 /* DrawingUITests */ = {
			isa = PBXNativeTarget;
			buildConfigurationList = C5AC3B95292789F100ED0720 /* Build configuration list for PBXNativeTarget "DrawingUITests" */;
			buildPhases = (
				C5AC3B81292789F100ED0720 /* Sources */,
				C5AC3B82292789F100ED0720 /* Frameworks */,
				C5AC3B83292789F100ED0720 /* Resources */,
			);
			buildRules = (
			);
			dependencies = (
				C5AC3B87292789F100ED0720 /* PBXTargetDependency */,
			);
			name = DrawingUITests;
			productName = DrawingUITests;
			productReference = C5AC3B85292789F100ED0720 /* DrawingUITests.xctest */;
			productType = "com.apple.product-type.bundle.ui-testing";
		};
/* End PBXNativeTarget section */

/* Begin PBXProject section */
		C5AC3B63292789EF00ED0720 /* Project object */ = {
			isa = PBXProject;
			attributes = {
				BuildIndependentTargetsInParallel = 1;
				LastSwiftUpdateCheck = 1400;
				LastUpgradeCheck = 1400;
				TargetAttributes = {
					C5AC3B6A292789EF00ED0720 = {
						CreatedOnToolsVersion = 14.0.1;
					};
					C5AC3B7A292789F100ED0720 = {
						CreatedOnToolsVersion = 14.0.1;
						TestTargetID = C5AC3B6A292789EF00ED0720;
					};
					C5AC3B84292789F100ED0720 = {
						CreatedOnToolsVersion = 14.0.1;
						TestTargetID = C5AC3B6A292789EF00ED0720;
					};
				};
			};
			buildConfigurationList = C5AC3B66292789EF00ED0720 /* Build configuration list for PBXProject "Drawing" */;
			compatibilityVersion = "Xcode 14.0";
			developmentRegion = en;
			hasScannedForEncodings = 0;
			knownRegions = (
				en,
				Base,
			);
			mainGroup = C5AC3B62292789EF00ED0720;
			productRefGroup = C5AC3B6C292789EF00ED0720 /* Products */;
			projectDirPath = "";
			projectRoot = "";
			targets = (
				C5AC3B6A292789EF00ED0720 /* Drawing */,
				C5AC3B7A292789F100ED0720 /* DrawingTests */,
				C5AC3B84292789F100ED0720 /* DrawingUITests */,
			);
		};
/* End PBXProject section */

/* Begin PBXResourcesBuildPhase section */
		C5AC3B69292789EF00ED0720 /* Resources */ = {
			isa = PBXResourcesBuildPhase;
			buildActionMask = 2147483647;
			files = (
				C5AC3B76292789F100ED0720 /* Preview Assets.xcassets in Resources */,
				C5AC3B73292789F100ED0720 /* Assets.xcassets in Resources */,
			);
			runOnlyForDeploymentPostprocessing = 0;
		};
		C5AC3B79292789F100ED0720 /* Resources */ = {
			isa = PBXResourcesBuildPhase;
			buildActionMask = 2147483647;
			files = (
			);
			runOnlyForDeploymentPostprocessing = 0;
		};
		C5AC3B83292789F100ED0720 /* Resources */ = {
			isa = PBXResourcesBuildPhase;
			buildActionMask = 2147483647;
			files = (
			);
			runOnlyForDeploymentPostprocessing = 0;
		};
/* End PBXResourcesBuildPhase section */

/* Begin PBXSourcesBuildPhase section */
		C5AC3B67292789EF00ED0720 /* Sources */ = {
			isa = PBXSourcesBuildPhase;
			buildActionMask = 2147483647;
			files = (
				C563F544292CADA80063F906 /* ColorCyclingView.swift in Sources */,
				C5AC3B71292789EF00ED0720 /* FlowerView.swift in Sources */,
				C5AC3B6F292789EF00ED0720 /* DrawingApp.swift in Sources */,
				C563F546292CB3AA0063F906 /* TrapezoidView.swift in Sources */,
			);
			runOnlyForDeploymentPostprocessing = 0;
		};
		C5AC3B77292789F100ED0720 /* Sources */ = {
			isa = PBXSourcesBuildPhase;
			buildActionMask = 2147483647;
			files = (
				C5AC3B80292789F100ED0720 /* DrawingTests.swift in Sources */,
			);
			runOnlyForDeploymentPostprocessing = 0;
		};
		C5AC3B81292789F100ED0720 /* Sources */ = {
			isa = PBXSourcesBuildPhase;
			buildActionMask = 2147483647;
			files = (
				C5AC3B8A292789F100ED0720 /* DrawingUITests.swift in Sources */,
				C5AC3B8C292789F100ED0720 /* DrawingUITestsLaunchTests.swift in Sources */,
			);
			runOnlyForDeploymentPostprocessing = 0;
		};
/* End PBXSourcesBuildPhase section */

/* Begin PBXTargetDependency section */
		C5AC3B7D292789F100ED0720 /* PBXTargetDependency */ = {
			isa = PBXTargetDependency;
			target = C5AC3B6A292789EF00ED0720 /* Drawing */;
			targetProxy = C5AC3B7C292789F100ED0720 /* PBXContainerItemProxy */;
		};
		C5AC3B87292789F100ED0720 /* PBXTargetDependency */ = {
			isa = PBXTargetDependency;
			target = C5AC3B6A292789EF00ED0720 /* Drawing */;
			targetProxy = C5AC3B86292789F100ED0720 /* PBXContainerItemProxy */;
		};
/* End PBXTargetDependency section */

/* Begin XCBuildConfiguration section */
		C5AC3B8D292789F100ED0720 /* Debug */ = {
			isa = XCBuildConfiguration;
			buildSettings = {
				ALWAYS_SEARCH_USER_PATHS = NO;
				CLANG_ANALYZER_NONNULL = YES;
				CLANG_ANALYZER_NUMBER_OBJECT_CONVERSION = YES_AGGRESSIVE;
				CLANG_CXX_LANGUAGE_STANDARD = "gnu++20";
				CLANG_ENABLE_MODULES = YES;
				CLANG_ENABLE_OBJC_ARC = YES;
				CLANG_ENABLE_OBJC_WEAK = YES;
				CLANG_WARN_BLOCK_CAPTURE_AUTORELEASING = YES;
				CLANG_WARN_BOOL_CONVERSION = YES;
				CLANG_WARN_COMMA = YES;
				CLANG_WARN_CONSTANT_CONVERSION = YES;
				CLANG_WARN_DEPRECATED_OBJC_IMPLEMENTATIONS = YES;
				CLANG_WARN_DIRECT_OBJC_ISA_USAGE = YES_ERROR;
				CLANG_WARN_DOCUMENTATION_COMMENTS = YES;
				CLANG_WARN_EMPTY_BODY = YES;
				CLANG_WARN_ENUM_CONVERSION = YES;
				CLANG_WARN_INFINITE_RECURSION = YES;
				CLANG_WARN_INT_CONVERSION = YES;
				CLANG_WARN_NON_LITERAL_NULL_CONVERSION = YES;
				CLANG_WARN_OBJC_IMPLICIT_RETAIN_SELF = YES;
				CLANG_WARN_OBJC_LITERAL_CONVERSION = YES;
				CLANG_WARN_OBJC_ROOT_CLASS = YES_ERROR;
				CLANG_WARN_QUOTED_INCLUDE_IN_FRAMEWORK_HEADER = YES;
				CLANG_WARN_RANGE_LOOP_ANALYSIS = YES;
				CLANG_WARN_STRICT_PROTOTYPES = YES;
				CLANG_WARN_SUSPICIOUS_MOVE = YES;
				CLANG_WARN_UNGUARDED_AVAILABILITY = YES_AGGRESSIVE;
				CLANG_WARN_UNREACHABLE_CODE = YES;
				CLANG_WARN__DUPLICATE_METHOD_MATCH = YES;
				COPY_PHASE_STRIP = NO;
				DEBUG_INFORMATION_FORMAT = dwarf;
				ENABLE_STRICT_OBJC_MSGSEND = YES;
				ENABLE_TESTABILITY = YES;
				GCC_C_LANGUAGE_STANDARD = gnu11;
				GCC_DYNAMIC_NO_PIC = NO;
				GCC_NO_COMMON_BLOCKS = YES;
				GCC_OPTIMIZATION_LEVEL = 0;
				GCC_PREPROCESSOR_DEFINITIONS = (
					"DEBUG=1",
					"$(inherited)",
				);
				GCC_WARN_64_TO_32_BIT_CONVERSION = YES;
				GCC_WARN_ABOUT_RETURN_TYPE = YES_ERROR;
				GCC_WARN_UNDECLARED_SELECTOR = YES;
				GCC_WARN_UNINITIALIZED_AUTOS = YES_AGGRESSIVE;
				GCC_WARN_UNUSED_FUNCTION = YES;
				GCC_WARN_UNUSED_VARIABLE = YES;
				IPHONEOS_DEPLOYMENT_TARGET = 14.0;
				MTL_ENABLE_DEBUG_INFO = INCLUDE_SOURCE;
				MTL_FAST_MATH = YES;
				ONLY_ACTIVE_ARCH = YES;
				SDKROOT = iphoneos;
				SWIFT_ACTIVE_COMPILATION_CONDITIONS = DEBUG;
				SWIFT_OPTIMIZATION_LEVEL = "-Onone";
			};
			name = Debug;
		};
		C5AC3B8E292789F100ED0720 /* Release */ = {
			isa = XCBuildConfiguration;
			buildSettings = {
				ALWAYS_SEARCH_USER_PATHS = NO;
				CLANG_ANALYZER_NONNULL = YES;
				CLANG_ANALYZER_NUMBER_OBJECT_CONVERSION = YES_AGGRESSIVE;
				CLANG_CXX_LANGUAGE_STANDARD = "gnu++20";
				CLANG_ENABLE_MODULES = YES;
				CLANG_ENABLE_OBJC_ARC = YES;
				CLANG_ENABLE_OBJC_WEAK = YES;
				CLANG_WARN_BLOCK_CAPTURE_AUTORELEASING = YES;
				CLANG_WARN_BOOL_CONVERSION = YES;
				CLANG_WARN_COMMA = YES;
				CLANG_WARN_CONSTANT_CONVERSION = YES;
				CLANG_WARN_DEPRECATED_OBJC_IMPLEMENTATIONS = YES;
				CLANG_WARN_DIRECT_OBJC_ISA_USAGE = YES_ERROR;
				CLANG_WARN_DOCUMENTATION_COMMENTS = YES;
				CLANG_WARN_EMPTY_BODY = YES;
				CLANG_WARN_ENUM_CONVERSION = YES;
				CLANG_WARN_INFINITE_RECURSION = YES;
				CLANG_WARN_INT_CONVERSION = YES;
				CLANG_WARN_NON_LITERAL_NULL_CONVERSION = YES;
				CLANG_WARN_OBJC_IMPLICIT_RETAIN_SELF = YES;
				CLANG_WARN_OBJC_LITERAL_CONVERSION = YES;
				CLANG_WARN_OBJC_ROOT_CLASS = YES_ERROR;
				CLANG_WARN_QUOTED_INCLUDE_IN_FRAMEWORK_HEADER = YES;
				CLANG_WARN_RANGE_LOOP_ANALYSIS = YES;
				CLANG_WARN_STRICT_PROTOTYPES = YES;
				CLANG_WARN_SUSPICIOUS_MOVE = YES;
				CLANG_WARN_UNGUARDED_AVAILABILITY = YES_AGGRESSIVE;
				CLANG_WARN_UNREACHABLE_CODE = YES;
				CLANG_WARN__DUPLICATE_METHOD_MATCH = YES;
				COPY_PHASE_STRIP = NO;
				DEBUG_INFORMATION_FORMAT = "dwarf-with-dsym";
				ENABLE_NS_ASSERTIONS = NO;
				ENABLE_STRICT_OBJC_MSGSEND = YES;
				GCC_C_LANGUAGE_STANDARD = gnu11;
				GCC_NO_COMMON_BLOCKS = YES;
				GCC_WARN_64_TO_32_BIT_CONVERSION = YES;
				GCC_WARN_ABOUT_RETURN_TYPE = YES_ERROR;
				GCC_WARN_UNDECLARED_SELECTOR = YES;
				GCC_WARN_UNINITIALIZED_AUTOS = YES_AGGRESSIVE;
				GCC_WARN_UNUSED_FUNCTION = YES;
				GCC_WARN_UNUSED_VARIABLE = YES;
				IPHONEOS_DEPLOYMENT_TARGET = 14.0;
				MTL_ENABLE_DEBUG_INFO = NO;
				MTL_FAST_MATH = YES;
				SDKROOT = iphoneos;
				SWIFT_COMPILATION_MODE = wholemodule;
				SWIFT_OPTIMIZATION_LEVEL = "-O";
				VALIDATE_PRODUCT = YES;
			};
			name = Release;
		};
		C5AC3B90292789F100ED0720 /* Debug */ = {
			isa = XCBuildConfiguration;
			buildSettings = {
				ASSETCATALOG_COMPILER_APPICON_NAME = AppIcon;
				ASSETCATALOG_COMPILER_GLOBAL_ACCENT_COLOR_NAME = AccentColor;
				CODE_SIGN_STYLE = Automatic;
				CURRENT_PROJECT_VERSION = 1;
				DEVELOPMENT_ASSET_PATHS = "\"Drawing/Preview Content\"";
				DEVELOPMENT_TEAM = 4LD7WQ6CAY;
				ENABLE_PREVIEWS = YES;
				GENERATE_INFOPLIST_FILE = YES;
				INFOPLIST_KEY_UIApplicationSceneManifest_Generation = YES;
				INFOPLIST_KEY_UIApplicationSupportsIndirectInputEvents = YES;
				INFOPLIST_KEY_UILaunchScreen_Generation = YES;
				INFOPLIST_KEY_UISupportedInterfaceOrientations_iPad = "UIInterfaceOrientationPortrait UIInterfaceOrientationPortraitUpsideDown UIInterfaceOrientationLandscapeLeft UIInterfaceOrientationLandscapeRight";
				INFOPLIST_KEY_UISupportedInterfaceOrientations_iPhone = "UIInterfaceOrientationPortrait UIInterfaceOrientationLandscapeLeft UIInterfaceOrientationLandscapeRight";
				IPHONEOS_DEPLOYMENT_TARGET = 14.0;
				LD_RUNPATH_SEARCH_PATHS = (
					"$(inherited)",
					"@executable_path/Frameworks",
				);
				MARKETING_VERSION = 1.0;
				PRODUCT_BUNDLE_IDENTIFIER = com.tianhao.Drawing;
				PRODUCT_NAME = "$(TARGET_NAME)";
				SWIFT_EMIT_LOC_STRINGS = YES;
				SWIFT_VERSION = 5.0;
				TARGETED_DEVICE_FAMILY = "1,2";
			};
			name = Debug;
		};
		C5AC3B91292789F100ED0720 /* Release */ = {
			isa = XCBuildConfiguration;
			buildSettings = {
				ASSETCATALOG_COMPILER_APPICON_NAME = AppIcon;
				ASSETCATALOG_COMPILER_GLOBAL_ACCENT_COLOR_NAME = AccentColor;
				CODE_SIGN_STYLE = Automatic;
				CURRENT_PROJECT_VERSION = 1;
				DEVELOPMENT_ASSET_PATHS = "\"Drawing/Preview Content\"";
				DEVELOPMENT_TEAM = 4LD7WQ6CAY;
				ENABLE_PREVIEWS = YES;
				GENERATE_INFOPLIST_FILE = YES;
				INFOPLIST_KEY_UIApplicationSceneManifest_Generation = YES;
				INFOPLIST_KEY_UIApplicationSupportsIndirectInputEvents = YES;
				INFOPLIST_KEY_UILaunchScreen_Generation = YES;
				INFOPLIST_KEY_UISupportedInterfaceOrientations_iPad = "UIInterfaceOrientationPortrait UIInterfaceOrientationPortraitUpsideDown UIInterfaceOrientationLandscapeLeft UIInterfaceOrientationLandscapeRight";
				INFOPLIST_KEY_UISupportedInterfaceOrientations_iPhone = "UIInterfaceOrientationPortrait UIInterfaceOrientationLandscapeLeft UIInterfaceOrientationLandscapeRight";
				IPHONEOS_DEPLOYMENT_TARGET = 14.0;
				LD_RUNPATH_SEARCH_PATHS = (
					"$(inherited)",
					"@executable_path/Frameworks",
				);
				MARKETING_VERSION = 1.0;
				PRODUCT_BUNDLE_IDENTIFIER = com.tianhao.Drawing;
				PRODUCT_NAME = "$(TARGET_NAME)";
				SWIFT_EMIT_LOC_STRINGS = YES;
				SWIFT_VERSION = 5.0;
				TARGETED_DEVICE_FAMILY = "1,2";
			};
			name = Release;
		};
		C5AC3B93292789F100ED0720 /* Debug */ = {
			isa = XCBuildConfiguration;
			buildSettings = {
				ALWAYS_EMBED_SWIFT_STANDARD_LIBRARIES = YES;
				BUNDLE_LOADER = "$(TEST_HOST)";
				CODE_SIGN_STYLE = Automatic;
				CURRENT_PROJECT_VERSION = 1;
				DEVELOPMENT_TEAM = 4LD7WQ6CAY;
				GENERATE_INFOPLIST_FILE = YES;
				IPHONEOS_DEPLOYMENT_TARGET = 16.0;
				MARKETING_VERSION = 1.0;
				PRODUCT_BUNDLE_IDENTIFIER = com.tianhao.DrawingTests;
				PRODUCT_NAME = "$(TARGET_NAME)";
				SWIFT_EMIT_LOC_STRINGS = NO;
				SWIFT_VERSION = 5.0;
				TARGETED_DEVICE_FAMILY = "1,2";
				TEST_HOST = "$(BUILT_PRODUCTS_DIR)/Drawing.app/$(BUNDLE_EXECUTABLE_FOLDER_PATH)/Drawing";
			};
			name = Debug;
		};
		C5AC3B94292789F100ED0720 /* Release */ = {
			isa = XCBuildConfiguration;
			buildSettings = {
				ALWAYS_EMBED_SWIFT_STANDARD_LIBRARIES = YES;
				BUNDLE_LOADER = "$(TEST_HOST)";
				CODE_SIGN_STYLE = Automatic;
				CURRENT_PROJECT_VERSION = 1;
				DEVELOPMENT_TEAM = 4LD7WQ6CAY;
				GENERATE_INFOPLIST_FILE = YES;
				IPHONEOS_DEPLOYMENT_TARGET = 16.0;
				MARKETING_VERSION = 1.0;
				PRODUCT_BUNDLE_IDENTIFIER = com.tianhao.DrawingTests;
				PRODUCT_NAME = "$(TARGET_NAME)";
				SWIFT_EMIT_LOC_STRINGS = NO;
				SWIFT_VERSION = 5.0;
				TARGETED_DEVICE_FAMILY = "1,2";
				TEST_HOST = "$(BUILT_PRODUCTS_DIR)/Drawing.app/$(BUNDLE_EXECUTABLE_FOLDER_PATH)/Drawing";
			};
			name = Release;
		};
		C5AC3B96292789F100ED0720 /* Debug */ = {
			isa = XCBuildConfiguration;
			buildSettings = {
				ALWAYS_EMBED_SWIFT_STANDARD_LIBRARIES = YES;
				CODE_SIGN_STYLE = Automatic;
				CURRENT_PROJECT_VERSION = 1;
				DEVELOPMENT_TEAM = 4LD7WQ6CAY;
				GENERATE_INFOPLIST_FILE = YES;
				MARKETING_VERSION = 1.0;
				PRODUCT_BUNDLE_IDENTIFIER = com.tianhao.DrawingUITests;
				PRODUCT_NAME = "$(TARGET_NAME)";
				SWIFT_EMIT_LOC_STRINGS = NO;
				SWIFT_VERSION = 5.0;
				TARGETED_DEVICE_FAMILY = "1,2";
				TEST_TARGET_NAME = Drawing;
			};
			name = Debug;
		};
		C5AC3B97292789F100ED0720 /* Release */ = {
			isa = XCBuildConfiguration;
			buildSettings = {
				ALWAYS_EMBED_SWIFT_STANDARD_LIBRARIES = YES;
				CODE_SIGN_STYLE = Automatic;
				CURRENT_PROJECT_VERSION = 1;
				DEVELOPMENT_TEAM = 4LD7WQ6CAY;
				GENERATE_INFOPLIST_FILE = YES;
				MARKETING_VERSION = 1.0;
				PRODUCT_BUNDLE_IDENTIFIER = com.tianhao.DrawingUITests;
				PRODUCT_NAME = "$(TARGET_NAME)";
				SWIFT_EMIT_LOC_STRINGS = NO;
				SWIFT_VERSION = 5.0;
				TARGETED_DEVICE_FAMILY = "1,2";
				TEST_TARGET_NAME = Drawing;
			};
			name = Release;
		};
/* End XCBuildConfiguration section */

/* Begin XCConfigurationList section */
		C5AC3B66292789EF00ED0720 /* Build configuration list for PBXProject "Drawing" */ = {
			isa = XCConfigurationList;
			buildConfigurations = (
				C5AC3B8D292789F100ED0720 /* Debug */,
				C5AC3B8E292789F100ED0720 /* Release */,
			);
			defaultConfigurationIsVisible = 0;
			defaultConfigurationName = Release;
		};
		C5AC3B8F292789F100ED0720 /* Build configuration list for PBXNativeTarget "Drawing" */ = {
			isa = XCConfigurationList;
			buildConfigurations = (
				C5AC3B90292789F100ED0720 /* Debug */,
				C5AC3B91292789F100ED0720 /* Release */,
			);
			defaultConfigurationIsVisible = 0;
			defaultConfigurationName = Release;
		};
		C5AC3B92292789F100ED0720 /* Build configuration list for PBXNativeTarget "DrawingTests" */ = {
			isa = XCConfigurationList;
			buildConfigurations = (
				C5AC3B93292789F100ED0720 /* Debug */,
				C5AC3B94292789F100ED0720 /* Release */,
			);
			defaultConfigurationIsVisible = 0;
			defaultConfigurationName = Release;
		};
		C5AC3B95292789F100ED0720 /* Build configuration list for PBXNativeTarget "DrawingUITests" */ = {
			isa = XCConfigurationList;
			buildConfigurations = (
				C5AC3B96292789F100ED0720 /* Debug */,
				C5AC3B97292789F100ED0720 /* Release */,
			);
			defaultConfigurationIsVisible = 0;
			defaultConfigurationName = Release;
		};
/* End XCConfigurationList section */
	};
	rootObject = C5AC3B63292789EF00ED0720 /* Project object */;
}
