// !$*UTF8*$!
{
	archiveVersion = 1;
	classes = {
	};
	objectVersion = 56;
	objects = {

/* Begin PBXBuildFile section */
		18FA12DD2979FD1B0099E83A /* BucketListApp.swift in Sources */ = {isa = PBXBuildFile; fileRef = 18FA12DC2979FD1B0099E83A /* BucketListApp.swift */; };
		18FA12DF2979FD1B0099E83A /* ContentView.swift in Sources */ = {isa = PBXBuildFile; fileRef = 18FA12DE2979FD1B0099E83A /* ContentView.swift */; };
		18FA12E12979FD1C0099E83A /* Assets.xcassets in Resources */ = {isa = PBXBuildFile; fileRef = 18FA12E02979FD1C0099E83A /* Assets.xcassets */; };
		18FA12E42979FD1C0099E83A /* Preview Assets.xcassets in Resources */ = {isa = PBXBuildFile; fileRef = 18FA12E32979FD1C0099E83A /* Preview Assets.xcassets */; };
		18FA12EE2979FD1C0099E83A /* BucketListTests.swift in Sources */ = {isa = PBXBuildFile; fileRef = 18FA12ED2979FD1C0099E83A /* BucketListTests.swift */; };
		18FA12F82979FD1C0099E83A /* BucketListUITests.swift in Sources */ = {isa = PBXBuildFile; fileRef = 18FA12F72979FD1C0099E83A /* BucketListUITests.swift */; };
		18FA12FA2979FD1C0099E83A /* BucketListUITestsLaunchTests.swift in Sources */ = {isa = PBXBuildFile; fileRef = 18FA12F92979FD1C0099E83A /* BucketListUITestsLaunchTests.swift */; };
		18FA1308297A5D680099E83A /* Location.swift in Sources */ = {isa = PBXBuildFile; fileRef = 18FA1307297A5D680099E83A /* Location.swift */; };
		18FA130A297A747B0099E83A /* EditView.swift in Sources */ = {isa = PBXBuildFile; fileRef = 18FA1309297A747B0099E83A /* EditView.swift */; };
/* End PBXBuildFile section */

/* Begin PBXContainerItemProxy section */
		18FA12EA2979FD1C0099E83A /* PBXContainerItemProxy */ = {
			isa = PBXContainerItemProxy;
			containerPortal = 18FA12D12979FD1B0099E83A /* Project object */;
			proxyType = 1;
			remoteGlobalIDString = 18FA12D82979FD1B0099E83A;
			remoteInfo = BucketList;
		};
		18FA12F42979FD1C0099E83A /* PBXContainerItemProxy */ = {
			isa = PBXContainerItemProxy;
			containerPortal = 18FA12D12979FD1B0099E83A /* Project object */;
			proxyType = 1;
			remoteGlobalIDString = 18FA12D82979FD1B0099E83A;
			remoteInfo = BucketList;
		};
/* End PBXContainerItemProxy section */

/* Begin PBXFileReference section */
		18FA12D92979FD1B0099E83A /* BucketList.app */ = {isa = PBXFileReference; explicitFileType = wrapper.application; includeInIndex = 0; path = BucketList.app; sourceTree = BUILT_PRODUCTS_DIR; };
		18FA12DC2979FD1B0099E83A /* BucketListApp.swift */ = {isa = PBXFileReference; lastKnownFileType = sourcecode.swift; path = BucketListApp.swift; sourceTree = "<group>"; };
		18FA12DE2979FD1B0099E83A /* ContentView.swift */ = {isa = PBXFileReference; lastKnownFileType = sourcecode.swift; path = ContentView.swift; sourceTree = "<group>"; };
		18FA12E02979FD1C0099E83A /* Assets.xcassets */ = {isa = PBXFileReference; lastKnownFileType = folder.assetcatalog; path = Assets.xcassets; sourceTree = "<group>"; };
		18FA12E32979FD1C0099E83A /* Preview Assets.xcassets */ = {isa = PBXFileReference; lastKnownFileType = folder.assetcatalog; path = "Preview Assets.xcassets"; sourceTree = "<group>"; };
		18FA12E92979FD1C0099E83A /* BucketListTests.xctest */ = {isa = PBXFileReference; explicitFileType = wrapper.cfbundle; includeInIndex = 0; path = BucketListTests.xctest; sourceTree = BUILT_PRODUCTS_DIR; };
		18FA12ED2979FD1C0099E83A /* BucketListTests.swift */ = {isa = PBXFileReference; lastKnownFileType = sourcecode.swift; path = BucketListTests.swift; sourceTree = "<group>"; };
		18FA12F32979FD1C0099E83A /* BucketListUITests.xctest */ = {isa = PBXFileReference; explicitFileType = wrapper.cfbundle; includeInIndex = 0; path = BucketListUITests.xctest; sourceTree = BUILT_PRODUCTS_DIR; };
		18FA12F72979FD1C0099E83A /* BucketListUITests.swift */ = {isa = PBXFileReference; lastKnownFileType = sourcecode.swift; path = BucketListUITests.swift; sourceTree = "<group>"; };
		18FA12F92979FD1C0099E83A /* BucketListUITestsLaunchTests.swift */ = {isa = PBXFileReference; lastKnownFileType = sourcecode.swift; path = BucketListUITestsLaunchTests.swift; sourceTree = "<group>"; };
		18FA1306297A17670099E83A /* Info.plist */ = {isa = PBXFileReference; lastKnownFileType = text.plist; path = Info.plist; sourceTree = "<group>"; };
		18FA1307297A5D680099E83A /* Location.swift */ = {isa = PBXFileReference; lastKnownFileType = sourcecode.swift; path = Location.swift; sourceTree = "<group>"; };
		18FA1309297A747B0099E83A /* EditView.swift */ = {isa = PBXFileReference; lastKnownFileType = sourcecode.swift; path = EditView.swift; sourceTree = "<group>"; };
/* End PBXFileReference section */

/* Begin PBXFrameworksBuildPhase section */
		18FA12D62979FD1B0099E83A /* Frameworks */ = {
			isa = PBXFrameworksBuildPhase;
			buildActionMask = 2147483647;
			files = (
			);
			runOnlyForDeploymentPostprocessing = 0;
		};
		18FA12E62979FD1C0099E83A /* Frameworks */ = {
			isa = PBXFrameworksBuildPhase;
			buildActionMask = 2147483647;
			files = (
			);
			runOnlyForDeploymentPostprocessing = 0;
		};
		18FA12F02979FD1C0099E83A /* Frameworks */ = {
			isa = PBXFrameworksBuildPhase;
			buildActionMask = 2147483647;
			files = (
			);
			runOnlyForDeploymentPostprocessing = 0;
		};
/* End PBXFrameworksBuildPhase section */

/* Begin PBXGroup section */
		18FA12D02979FD1B0099E83A = {
			isa = PBXGroup;
			children = (
				18FA12DB2979FD1B0099E83A /* BucketList */,
				18FA12EC2979FD1C0099E83A /* BucketListTests */,
				18FA12F62979FD1C0099E83A /* BucketListUITests */,
				18FA12DA2979FD1B0099E83A /* Products */,
			);
			sourceTree = "<group>";
		};
		18FA12DA2979FD1B0099E83A /* Products */ = {
			isa = PBXGroup;
			children = (
				18FA12D92979FD1B0099E83A /* BucketList.app */,
				18FA12E92979FD1C0099E83A /* BucketListTests.xctest */,
				18FA12F32979FD1C0099E83A /* BucketListUITests.xctest */,
			);
			name = Products;
			sourceTree = "<group>";
		};
		18FA12DB2979FD1B0099E83A /* BucketList */ = {
			isa = PBXGroup;
			children = (
				18FA1306297A17670099E83A /* Info.plist */,
				18FA12DC2979FD1B0099E83A /* BucketListApp.swift */,
				18FA12DE2979FD1B0099E83A /* ContentView.swift */,
				18FA1309297A747B0099E83A /* EditView.swift */,
				18FA1307297A5D680099E83A /* Location.swift */,
				18FA12E02979FD1C0099E83A /* Assets.xcassets */,
				18FA12E22979FD1C0099E83A /* Preview Content */,
			);
			path = BucketList;
			sourceTree = "<group>";
		};
		18FA12E22979FD1C0099E83A /* Preview Content */ = {
			isa = PBXGroup;
			children = (
				18FA12E32979FD1C0099E83A /* Preview Assets.xcassets */,
			);
			path = "Preview Content";
			sourceTree = "<group>";
		};
		18FA12EC2979FD1C0099E83A /* BucketListTests */ = {
			isa = PBXGroup;
			children = (
				18FA12ED2979FD1C0099E83A /* BucketListTests.swift */,
			);
			path = BucketListTests;
			sourceTree = "<group>";
		};
		18FA12F62979FD1C0099E83A /* BucketListUITests */ = {
			isa = PBXGroup;
			children = (
				18FA12F72979FD1C0099E83A /* BucketListUITests.swift */,
				18FA12F92979FD1C0099E83A /* BucketListUITestsLaunchTests.swift */,
			);
			path = BucketListUITests;
			sourceTree = "<group>";
		};
/* End PBXGroup section */

/* Begin PBXNativeTarget section */
		18FA12D82979FD1B0099E83A /* BucketList */ = {
			isa = PBXNativeTarget;
			buildConfigurationList = 18FA12FD2979FD1C0099E83A /* Build configuration list for PBXNativeTarget "BucketList" */;
			buildPhases = (
				18FA12D52979FD1B0099E83A /* Sources */,
				18FA12D62979FD1B0099E83A /* Frameworks */,
				18FA12D72979FD1B0099E83A /* Resources */,
			);
			buildRules = (
			);
			dependencies = (
			);
			name = BucketList;
			productName = BucketList;
			productReference = 18FA12D92979FD1B0099E83A /* BucketList.app */;
			productType = "com.apple.product-type.application";
		};
		18FA12E82979FD1C0099E83A /* BucketListTests */ = {
			isa = PBXNativeTarget;
			buildConfigurationList = 18FA13002979FD1C0099E83A /* Build configuration list for PBXNativeTarget "BucketListTests" */;
			buildPhases = (
				18FA12E52979FD1C0099E83A /* Sources */,
				18FA12E62979FD1C0099E83A /* Frameworks */,
				18FA12E72979FD1C0099E83A /* Resources */,
			);
			buildRules = (
			);
			dependencies = (
				18FA12EB2979FD1C0099E83A /* PBXTargetDependency */,
			);
			name = BucketListTests;
			productName = BucketListTests;
			productReference = 18FA12E92979FD1C0099E83A /* BucketListTests.xctest */;
			productType = "com.apple.product-type.bundle.unit-test";
		};
		18FA12F22979FD1C0099E83A /* BucketListUITests */ = {
			isa = PBXNativeTarget;
			buildConfigurationList = 18FA13032979FD1C0099E83A /* Build configuration list for PBXNativeTarget "BucketListUITests" */;
			buildPhases = (
				18FA12EF2979FD1C0099E83A /* Sources */,
				18FA12F02979FD1C0099E83A /* Frameworks */,
				18FA12F12979FD1C0099E83A /* Resources */,
			);
			buildRules = (
			);
			dependencies = (
				18FA12F52979FD1C0099E83A /* PBXTargetDependency */,
			);
			name = BucketListUITests;
			productName = BucketListUITests;
			productReference = 18FA12F32979FD1C0099E83A /* BucketListUITests.xctest */;
			productType = "com.apple.product-type.bundle.ui-testing";
		};
/* End PBXNativeTarget section */

/* Begin PBXProject section */
		18FA12D12979FD1B0099E83A /* Project object */ = {
			isa = PBXProject;
			attributes = {
				BuildIndependentTargetsInParallel = 1;
				LastSwiftUpdateCheck = 1420;
				LastUpgradeCheck = 1420;
				TargetAttributes = {
					18FA12D82979FD1B0099E83A = {
						CreatedOnToolsVersion = 14.2;
					};
					18FA12E82979FD1C0099E83A = {
						CreatedOnToolsVersion = 14.2;
						TestTargetID = 18FA12D82979FD1B0099E83A;
					};
					18FA12F22979FD1C0099E83A = {
						CreatedOnToolsVersion = 14.2;
						TestTargetID = 18FA12D82979FD1B0099E83A;
					};
				};
			};
			buildConfigurationList = 18FA12D42979FD1B0099E83A /* Build configuration list for PBXProject "BucketList" */;
			compatibilityVersion = "Xcode 14.0";
			developmentRegion = en;
			hasScannedForEncodings = 0;
			knownRegions = (
				en,
				Base,
			);
			mainGroup = 18FA12D02979FD1B0099E83A;
			productRefGroup = 18FA12DA2979FD1B0099E83A /* Products */;
			projectDirPath = "";
			projectRoot = "";
			targets = (
				18FA12D82979FD1B0099E83A /* BucketList */,
				18FA12E82979FD1C0099E83A /* BucketListTests */,
				18FA12F22979FD1C0099E83A /* BucketListUITests */,
			);
		};
/* End PBXProject section */

/* Begin PBXResourcesBuildPhase section */
		18FA12D72979FD1B0099E83A /* Resources */ = {
			isa = PBXResourcesBuildPhase;
			buildActionMask = 2147483647;
			files = (
				18FA12E42979FD1C0099E83A /* Preview Assets.xcassets in Resources */,
				18FA12E12979FD1C0099E83A /* Assets.xcassets in Resources */,
			);
			runOnlyForDeploymentPostprocessing = 0;
		};
		18FA12E72979FD1C0099E83A /* Resources */ = {
			isa = PBXResourcesBuildPhase;
			buildActionMask = 2147483647;
			files = (
			);
			runOnlyForDeploymentPostprocessing = 0;
		};
		18FA12F12979FD1C0099E83A /* Resources */ = {
			isa = PBXResourcesBuildPhase;
			buildActionMask = 2147483647;
			files = (
			);
			runOnlyForDeploymentPostprocessing = 0;
		};
/* End PBXResourcesBuildPhase section */

/* Begin PBXSourcesBuildPhase section */
		18FA12D52979FD1B0099E83A /* Sources */ = {
			isa = PBXSourcesBuildPhase;
			buildActionMask = 2147483647;
			files = (
				18FA12DF2979FD1B0099E83A /* ContentView.swift in Sources */,
				18FA1308297A5D680099E83A /* Location.swift in Sources */,
				18FA130A297A747B0099E83A /* EditView.swift in Sources */,
				18FA12DD2979FD1B0099E83A /* BucketListApp.swift in Sources */,
			);
			runOnlyForDeploymentPostprocessing = 0;
		};
		18FA12E52979FD1C0099E83A /* Sources */ = {
			isa = PBXSourcesBuildPhase;
			buildActionMask = 2147483647;
			files = (
				18FA12EE2979FD1C0099E83A /* BucketListTests.swift in Sources */,
			);
			runOnlyForDeploymentPostprocessing = 0;
		};
		18FA12EF2979FD1C0099E83A /* Sources */ = {
			isa = PBXSourcesBuildPhase;
			buildActionMask = 2147483647;
			files = (
				18FA12FA2979FD1C0099E83A /* BucketListUITestsLaunchTests.swift in Sources */,
				18FA12F82979FD1C0099E83A /* BucketListUITests.swift in Sources */,
			);
			runOnlyForDeploymentPostprocessing = 0;
		};
/* End PBXSourcesBuildPhase section */

/* Begin PBXTargetDependency section */
		18FA12EB2979FD1C0099E83A /* PBXTargetDependency */ = {
			isa = PBXTargetDependency;
			target = 18FA12D82979FD1B0099E83A /* BucketList */;
			targetProxy = 18FA12EA2979FD1C0099E83A /* PBXContainerItemProxy */;
		};
		18FA12F52979FD1C0099E83A /* PBXTargetDependency */ = {
			isa = PBXTargetDependency;
			target = 18FA12D82979FD1B0099E83A /* BucketList */;
			targetProxy = 18FA12F42979FD1C0099E83A /* PBXContainerItemProxy */;
		};
/* End PBXTargetDependency section */

/* Begin XCBuildConfiguration section */
		18FA12FB2979FD1C0099E83A /* Debug */ = {
			isa = XCBuildConfiguration;
			buildSettings = {
				ALWAYS_SEARCH_USER_PATHS = NO;
				CLANG_ANALYZER_NONNULL = YES;
				CLANG_ANALYZER_NUMBER_OBJECT_CONVERSION = YES_AGGRESSIVE;
				CLANG_CXX_LANGUAGE_STANDARD = "gnu++20";
				CLANG_ENABLE_MODULES = YES;
				CLANG_ENABLE_OBJC_ARC = YES;
				CLANG_ENABLE_OBJC_WEAK = YES;
				CLANG_WARN_BLOCK_CAPTURE_AUTORELEASING = YES;
				CLANG_WARN_BOOL_CONVERSION = YES;
				CLANG_WARN_COMMA = YES;
				CLANG_WARN_CONSTANT_CONVERSION = YES;
				CLANG_WARN_DEPRECATED_OBJC_IMPLEMENTATIONS = YES;
				CLANG_WARN_DIRECT_OBJC_ISA_USAGE = YES_ERROR;
				CLANG_WARN_DOCUMENTATION_COMMENTS = YES;
				CLANG_WARN_EMPTY_BODY = YES;
				CLANG_WARN_ENUM_CONVERSION = YES;
				CLANG_WARN_INFINITE_RECURSION = YES;
				CLANG_WARN_INT_CONVERSION = YES;
				CLANG_WARN_NON_LITERAL_NULL_CONVERSION = YES;
				CLANG_WARN_OBJC_IMPLICIT_RETAIN_SELF = YES;
				CLANG_WARN_OBJC_LITERAL_CONVERSION = YES;
				CLANG_WARN_OBJC_ROOT_CLASS = YES_ERROR;
				CLANG_WARN_QUOTED_INCLUDE_IN_FRAMEWORK_HEADER = YES;
				CLANG_WARN_RANGE_LOOP_ANALYSIS = YES;
				CLANG_WARN_STRICT_PROTOTYPES = YES;
				CLANG_WARN_SUSPICIOUS_MOVE = YES;
				CLANG_WARN_UNGUARDED_AVAILABILITY = YES_AGGRESSIVE;
				CLANG_WARN_UNREACHABLE_CODE = YES;
				CLANG_WARN__DUPLICATE_METHOD_MATCH = YES;
				COPY_PHASE_STRIP = NO;
				DEBUG_INFORMATION_FORMAT = dwarf;
				ENABLE_STRICT_OBJC_MSGSEND = YES;
				ENABLE_TESTABILITY = YES;
				GCC_C_LANGUAGE_STANDARD = gnu11;
				GCC_DYNAMIC_NO_PIC = NO;
				GCC_NO_COMMON_BLOCKS = YES;
				GCC_OPTIMIZATION_LEVEL = 0;
				GCC_PREPROCESSOR_DEFINITIONS = (
					"DEBUG=1",
					"$(inherited)",
				);
				GCC_WARN_64_TO_32_BIT_CONVERSION = YES;
				GCC_WARN_ABOUT_RETURN_TYPE = YES_ERROR;
				GCC_WARN_UNDECLARED_SELECTOR = YES;
				GCC_WARN_UNINITIALIZED_AUTOS = YES_AGGRESSIVE;
				GCC_WARN_UNUSED_FUNCTION = YES;
				GCC_WARN_UNUSED_VARIABLE = YES;
				IPHONEOS_DEPLOYMENT_TARGET = 15.0;
				MTL_ENABLE_DEBUG_INFO = INCLUDE_SOURCE;
				MTL_FAST_MATH = YES;
				ONLY_ACTIVE_ARCH = YES;
				SDKROOT = iphoneos;
				SWIFT_ACTIVE_COMPILATION_CONDITIONS = DEBUG;
				SWIFT_OPTIMIZATION_LEVEL = "-Onone";
			};
			name = Debug;
		};
		18FA12FC2979FD1C0099E83A /* Release */ = {
			isa = XCBuildConfiguration;
			buildSettings = {
				ALWAYS_SEARCH_USER_PATHS = NO;
				CLANG_ANALYZER_NONNULL = YES;
				CLANG_ANALYZER_NUMBER_OBJECT_CONVERSION = YES_AGGRESSIVE;
				CLANG_CXX_LANGUAGE_STANDARD = "gnu++20";
				CLANG_ENABLE_MODULES = YES;
				CLANG_ENABLE_OBJC_ARC = YES;
				CLANG_ENABLE_OBJC_WEAK = YES;
				CLANG_WARN_BLOCK_CAPTURE_AUTORELEASING = YES;
				CLANG_WARN_BOOL_CONVERSION = YES;
				CLANG_WARN_COMMA = YES;
				CLANG_WARN_CONSTANT_CONVERSION = YES;
				CLANG_WARN_DEPRECATED_OBJC_IMPLEMENTATIONS = YES;
				CLANG_WARN_DIRECT_OBJC_ISA_USAGE = YES_ERROR;
				CLANG_WARN_DOCUMENTATION_COMMENTS = YES;
				CLANG_WARN_EMPTY_BODY = YES;
				CLANG_WARN_ENUM_CONVERSION = YES;
				CLANG_WARN_INFINITE_RECURSION = YES;
				CLANG_WARN_INT_CONVERSION = YES;
				CLANG_WARN_NON_LITERAL_NULL_CONVERSION = YES;
				CLANG_WARN_OBJC_IMPLICIT_RETAIN_SELF = YES;
				CLANG_WARN_OBJC_LITERAL_CONVERSION = YES;
				CLANG_WARN_OBJC_ROOT_CLASS = YES_ERROR;
				CLANG_WARN_QUOTED_INCLUDE_IN_FRAMEWORK_HEADER = YES;
				CLANG_WARN_RANGE_LOOP_ANALYSIS = YES;
				CLANG_WARN_STRICT_PROTOTYPES = YES;
				CLANG_WARN_SUSPICIOUS_MOVE = YES;
				CLANG_WARN_UNGUARDED_AVAILABILITY = YES_AGGRESSIVE;
				CLANG_WARN_UNREACHABLE_CODE = YES;
				CLANG_WARN__DUPLICATE_METHOD_MATCH = YES;
				COPY_PHASE_STRIP = NO;
				DEBUG_INFORMATION_FORMAT = "dwarf-with-dsym";
				ENABLE_NS_ASSERTIONS = NO;
				ENABLE_STRICT_OBJC_MSGSEND = YES;
				GCC_C_LANGUAGE_STANDARD = gnu11;
				GCC_NO_COMMON_BLOCKS = YES;
				GCC_WARN_64_TO_32_BIT_CONVERSION = YES;
				GCC_WARN_ABOUT_RETURN_TYPE = YES_ERROR;
				GCC_WARN_UNDECLARED_SELECTOR = YES;
				GCC_WARN_UNINITIALIZED_AUTOS = YES_AGGRESSIVE;
				GCC_WARN_UNUSED_FUNCTION = YES;
				GCC_WARN_UNUSED_VARIABLE = YES;
				IPHONEOS_DEPLOYMENT_TARGET = 15.0;
				MTL_ENABLE_DEBUG_INFO = NO;
				MTL_FAST_MATH = YES;
				SDKROOT = iphoneos;
				SWIFT_COMPILATION_MODE = wholemodule;
				SWIFT_OPTIMIZATION_LEVEL = "-O";
				VALIDATE_PRODUCT = YES;
			};
			name = Release;
		};
		18FA12FE2979FD1C0099E83A /* Debug */ = {
			isa = XCBuildConfiguration;
			buildSettings = {
				ASSETCATALOG_COMPILER_APPICON_NAME = AppIcon;
				ASSETCATALOG_COMPILER_GLOBAL_ACCENT_COLOR_NAME = AccentColor;
				CODE_SIGN_STYLE = Automatic;
				CURRENT_PROJECT_VERSION = 1;
				DEVELOPMENT_ASSET_PATHS = "\"BucketList/Preview Content\"";
				DEVELOPMENT_TEAM = 4LD7WQ6CAY;
				ENABLE_PREVIEWS = YES;
				GENERATE_INFOPLIST_FILE = YES;
				INFOPLIST_FILE = BucketList/Info.plist;
				INFOPLIST_KEY_NSFaceIDUsageDescription = "Need to unlock your data";
				INFOPLIST_KEY_UIApplicationSceneManifest_Generation = YES;
				INFOPLIST_KEY_UIApplicationSupportsIndirectInputEvents = YES;
				INFOPLIST_KEY_UILaunchScreen_Generation = YES;
				INFOPLIST_KEY_UISupportedInterfaceOrientations_iPad = "UIInterfaceOrientationPortrait UIInterfaceOrientationPortraitUpsideDown UIInterfaceOrientationLandscapeLeft UIInterfaceOrientationLandscapeRight";
				INFOPLIST_KEY_UISupportedInterfaceOrientations_iPhone = "UIInterfaceOrientationPortrait UIInterfaceOrientationLandscapeLeft UIInterfaceOrientationLandscapeRight";
				IPHONEOS_DEPLOYMENT_TARGET = 15.0;
				LD_RUNPATH_SEARCH_PATHS = (
					"$(inherited)",
					"@executable_path/Frameworks",
				);
				MARKETING_VERSION = 1.0;
				PRODUCT_BUNDLE_IDENTIFIER = com.tianhao.BucketList;
				PRODUCT_NAME = "$(TARGET_NAME)";
				SWIFT_EMIT_LOC_STRINGS = YES;
				SWIFT_VERSION = 5.0;
				TARGETED_DEVICE_FAMILY = "1,2";
			};
			name = Debug;
		};
		18FA12FF2979FD1C0099E83A /* Release */ = {
			isa = XCBuildConfiguration;
			buildSettings = {
				ASSETCATALOG_COMPILER_APPICON_NAME = AppIcon;
				ASSETCATALOG_COMPILER_GLOBAL_ACCENT_COLOR_NAME = AccentColor;
				CODE_SIGN_STYLE = Automatic;
				CURRENT_PROJECT_VERSION = 1;
				DEVELOPMENT_ASSET_PATHS = "\"BucketList/Preview Content\"";
				DEVELOPMENT_TEAM = 4LD7WQ6CAY;
				ENABLE_PREVIEWS = YES;
				GENERATE_INFOPLIST_FILE = YES;
				INFOPLIST_FILE = BucketList/Info.plist;
				INFOPLIST_KEY_NSFaceIDUsageDescription = "Need to unlock your data";
				INFOPLIST_KEY_UIApplicationSceneManifest_Generation = YES;
				INFOPLIST_KEY_UIApplicationSupportsIndirectInputEvents = YES;
				INFOPLIST_KEY_UILaunchScreen_Generation = YES;
				INFOPLIST_KEY_UISupportedInterfaceOrientations_iPad = "UIInterfaceOrientationPortrait UIInterfaceOrientationPortraitUpsideDown UIInterfaceOrientationLandscapeLeft UIInterfaceOrientationLandscapeRight";
				INFOPLIST_KEY_UISupportedInterfaceOrientations_iPhone = "UIInterfaceOrientationPortrait UIInterfaceOrientationLandscapeLeft UIInterfaceOrientationLandscapeRight";
				IPHONEOS_DEPLOYMENT_TARGET = 15.0;
				LD_RUNPATH_SEARCH_PATHS = (
					"$(inherited)",
					"@executable_path/Frameworks",
				);
				MARKETING_VERSION = 1.0;
				PRODUCT_BUNDLE_IDENTIFIER = com.tianhao.BucketList;
				PRODUCT_NAME = "$(TARGET_NAME)";
				SWIFT_EMIT_LOC_STRINGS = YES;
				SWIFT_VERSION = 5.0;
				TARGETED_DEVICE_FAMILY = "1,2";
			};
			name = Release;
		};
		18FA13012979FD1C0099E83A /* Debug */ = {
			isa = XCBuildConfiguration;
			buildSettings = {
				ALWAYS_EMBED_SWIFT_STANDARD_LIBRARIES = YES;
				BUNDLE_LOADER = "$(TEST_HOST)";
				CODE_SIGN_STYLE = Automatic;
				CURRENT_PROJECT_VERSION = 1;
				DEVELOPMENT_TEAM = 4LD7WQ6CAY;
				GENERATE_INFOPLIST_FILE = YES;
				IPHONEOS_DEPLOYMENT_TARGET = 16.2;
				MARKETING_VERSION = 1.0;
				PRODUCT_BUNDLE_IDENTIFIER = com.tianhao.BucketListTests;
				PRODUCT_NAME = "$(TARGET_NAME)";
				SWIFT_EMIT_LOC_STRINGS = NO;
				SWIFT_VERSION = 5.0;
				TARGETED_DEVICE_FAMILY = "1,2";
				TEST_HOST = "$(BUILT_PRODUCTS_DIR)/BucketList.app/$(BUNDLE_EXECUTABLE_FOLDER_PATH)/BucketList";
			};
			name = Debug;
		};
		18FA13022979FD1C0099E83A /* Release */ = {
			isa = XCBuildConfiguration;
			buildSettings = {
				ALWAYS_EMBED_SWIFT_STANDARD_LIBRARIES = YES;
				BUNDLE_LOADER = "$(TEST_HOST)";
				CODE_SIGN_STYLE = Automatic;
				CURRENT_PROJECT_VERSION = 1;
				DEVELOPMENT_TEAM = 4LD7WQ6CAY;
				GENERATE_INFOPLIST_FILE = YES;
				IPHONEOS_DEPLOYMENT_TARGET = 16.2;
				MARKETING_VERSION = 1.0;
				PRODUCT_BUNDLE_IDENTIFIER = com.tianhao.BucketListTests;
				PRODUCT_NAME = "$(TARGET_NAME)";
				SWIFT_EMIT_LOC_STRINGS = NO;
				SWIFT_VERSION = 5.0;
				TARGETED_DEVICE_FAMILY = "1,2";
				TEST_HOST = "$(BUILT_PRODUCTS_DIR)/BucketList.app/$(BUNDLE_EXECUTABLE_FOLDER_PATH)/BucketList";
			};
			name = Release;
		};
		18FA13042979FD1C0099E83A /* Debug */ = {
			isa = XCBuildConfiguration;
			buildSettings = {
				ALWAYS_EMBED_SWIFT_STANDARD_LIBRARIES = YES;
				CODE_SIGN_STYLE = Automatic;
				CURRENT_PROJECT_VERSION = 1;
				DEVELOPMENT_TEAM = 4LD7WQ6CAY;
				GENERATE_INFOPLIST_FILE = YES;
				MARKETING_VERSION = 1.0;
				PRODUCT_BUNDLE_IDENTIFIER = com.tianhao.BucketListUITests;
				PRODUCT_NAME = "$(TARGET_NAME)";
				SWIFT_EMIT_LOC_STRINGS = NO;
				SWIFT_VERSION = 5.0;
				TARGETED_DEVICE_FAMILY = "1,2";
				TEST_TARGET_NAME = BucketList;
			};
			name = Debug;
		};
		18FA13052979FD1C0099E83A /* Release */ = {
			isa = XCBuildConfiguration;
			buildSettings = {
				ALWAYS_EMBED_SWIFT_STANDARD_LIBRARIES = YES;
				CODE_SIGN_STYLE = Automatic;
				CURRENT_PROJECT_VERSION = 1;
				DEVELOPMENT_TEAM = 4LD7WQ6CAY;
				GENERATE_INFOPLIST_FILE = YES;
				MARKETING_VERSION = 1.0;
				PRODUCT_BUNDLE_IDENTIFIER = com.tianhao.BucketListUITests;
				PRODUCT_NAME = "$(TARGET_NAME)";
				SWIFT_EMIT_LOC_STRINGS = NO;
				SWIFT_VERSION = 5.0;
				TARGETED_DEVICE_FAMILY = "1,2";
				TEST_TARGET_NAME = BucketList;
			};
			name = Release;
		};
/* End XCBuildConfiguration section */

/* Begin XCConfigurationList section */
		18FA12D42979FD1B0099E83A /* Build configuration list for PBXProject "BucketList" */ = {
			isa = XCConfigurationList;
			buildConfigurations = (
				18FA12FB2979FD1C0099E83A /* Debug */,
				18FA12FC2979FD1C0099E83A /* Release */,
			);
			defaultConfigurationIsVisible = 0;
			defaultConfigurationName = Release;
		};
		18FA12FD2979FD1C0099E83A /* Build configuration list for PBXNativeTarget "BucketList" */ = {
			isa = XCConfigurationList;
			buildConfigurations = (
				18FA12FE2979FD1C0099E83A /* Debug */,
				18FA12FF2979FD1C0099E83A /* Release */,
			);
			defaultConfigurationIsVisible = 0;
			defaultConfigurationName = Release;
		};
		18FA13002979FD1C0099E83A /* Build configuration list for PBXNativeTarget "BucketListTests" */ = {
			isa = XCConfigurationList;
			buildConfigurations = (
				18FA13012979FD1C0099E83A /* Debug */,
				18FA13022979FD1C0099E83A /* Release */,
			);
			defaultConfigurationIsVisible = 0;
			defaultConfigurationName = Release;
		};
		18FA13032979FD1C0099E83A /* Build configuration list for PBXNativeTarget "BucketListUITests" */ = {
			isa = XCConfigurationList;
			buildConfigurations = (
				18FA13042979FD1C0099E83A /* Debug */,
				18FA13052979FD1C0099E83A /* Release */,
			);
			defaultConfigurationIsVisible = 0;
			defaultConfigurationName = Release;
		};
/* End XCConfigurationList section */
	};
	rootObject = 18FA12D12979FD1B0099E83A /* Project object */;
}
